// !$*UTF8*$!
{
	archiveVersion = 1;
	classes = {
	};
	objectVersion = 46;
	objects = {

/* Begin PBXBuildFile section */
		D812725F16B47381006D1351 /* RouteTask.m in Sources */ = {isa = PBXBuildFile; fileRef = D812725E16B47381006D1351 /* RouteTask.m */; };
		D812727416B5A037006D1351 /* FeatureGraph.m in Sources */ = {isa = PBXBuildFile; fileRef = D812726B16B5A037006D1351 /* FeatureGraph.m */; };
		D812727516B5A037006D1351 /* FeatureGraphEdge.m in Sources */ = {isa = PBXBuildFile; fileRef = D812726D16B5A037006D1351 /* FeatureGraphEdge.m */; };
		D812727616B5A037006D1351 /* FeatureGraphNode.m in Sources */ = {isa = PBXBuildFile; fileRef = D812726F16B5A037006D1351 /* FeatureGraphNode.m */; };
		D812727716B5A037006D1351 /* FeatureGraphRoute.m in Sources */ = {isa = PBXBuildFile; fileRef = D812727116B5A037006D1351 /* FeatureGraphRoute.m */; };
		D812727816B5A037006D1351 /* FeatureGraphRouteStep.m in Sources */ = {isa = PBXBuildFile; fileRef = D812727316B5A037006D1351 /* FeatureGraphRouteStep.m */; };
		D812727B16B5A1C7006D1351 /* FeatureGraphTests.m in Sources */ = {isa = PBXBuildFile; fileRef = D812727A16B5A1C7006D1351 /* FeatureGraphTests.m */; };
		D8A10D8C16A3585600E1E121 /* UIKit.framework in Frameworks */ = {isa = PBXBuildFile; fileRef = D8A10D8B16A3585600E1E121 /* UIKit.framework */; };
		D8A10D8E16A3585600E1E121 /* Foundation.framework in Frameworks */ = {isa = PBXBuildFile; fileRef = D8A10D8D16A3585600E1E121 /* Foundation.framework */; };
		D8A10D9016A3585600E1E121 /* CoreGraphics.framework in Frameworks */ = {isa = PBXBuildFile; fileRef = D8A10D8F16A3585600E1E121 /* CoreGraphics.framework */; };
		D8A10D9616A3585600E1E121 /* InfoPlist.strings in Resources */ = {isa = PBXBuildFile; fileRef = D8A10D9416A3585600E1E121 /* InfoPlist.strings */; };
		D8A10D9816A3585600E1E121 /* main.m in Sources */ = {isa = PBXBuildFile; fileRef = D8A10D9716A3585600E1E121 /* main.m */; };
		D8A10D9C16A3585600E1E121 /* PorkChopSandwichAppDelegate.m in Sources */ = {isa = PBXBuildFile; fileRef = D8A10D9B16A3585600E1E121 /* PorkChopSandwichAppDelegate.m */; };
		D8A10D9E16A3585600E1E121 /* Default.png in Resources */ = {isa = PBXBuildFile; fileRef = D8A10D9D16A3585600E1E121 /* Default.png */; };
		D8A10DA016A3585600E1E121 /* Default@2x.png in Resources */ = {isa = PBXBuildFile; fileRef = D8A10D9F16A3585600E1E121 /* Default@2x.png */; };
		D8A10DA216A3585600E1E121 /* Default-568h@2x.png in Resources */ = {isa = PBXBuildFile; fileRef = D8A10DA116A3585600E1E121 /* Default-568h@2x.png */; };
		D8A10DA516A3585600E1E121 /* PorkChopSandwichViewController.m in Sources */ = {isa = PBXBuildFile; fileRef = D8A10DA416A3585600E1E121 /* PorkChopSandwichViewController.m */; };
		D8A10DA816A3585600E1E121 /* PorkChopSandwichViewController.xib in Resources */ = {isa = PBXBuildFile; fileRef = D8A10DA616A3585600E1E121 /* PorkChopSandwichViewController.xib */; };
		D8A10DB016A3585600E1E121 /* SenTestingKit.framework in Frameworks */ = {isa = PBXBuildFile; fileRef = D8A10DAF16A3585600E1E121 /* SenTestingKit.framework */; };
		D8A10DB116A3585600E1E121 /* UIKit.framework in Frameworks */ = {isa = PBXBuildFile; fileRef = D8A10D8B16A3585600E1E121 /* UIKit.framework */; };
		D8A10DB216A3585600E1E121 /* Foundation.framework in Frameworks */ = {isa = PBXBuildFile; fileRef = D8A10D8D16A3585600E1E121 /* Foundation.framework */; };
		D8A10DBA16A3585600E1E121 /* InfoPlist.strings in Resources */ = {isa = PBXBuildFile; fileRef = D8A10DB816A3585600E1E121 /* InfoPlist.strings */; };
		D8A10DBD16A3585600E1E121 /* PorkChopSandwichTests.m in Sources */ = {isa = PBXBuildFile; fileRef = D8A10DBC16A3585600E1E121 /* PorkChopSandwichTests.m */; };
		D8A10DC716A3589E00E1E121 /* CoreLocation.framework in Frameworks */ = {isa = PBXBuildFile; fileRef = D8A10DC616A3589E00E1E121 /* CoreLocation.framework */; };
		D8A10DC916A358AA00E1E121 /* CoreText.framework in Frameworks */ = {isa = PBXBuildFile; fileRef = D8A10DC816A358AA00E1E121 /* CoreText.framework */; };
		D8A10DCD16A358F000E1E121 /* libz.dylib in Frameworks */ = {isa = PBXBuildFile; fileRef = D8A10DCC16A358F000E1E121 /* libz.dylib */; };
		D8A10DCF16A358FE00E1E121 /* QuartzCore.framework in Frameworks */ = {isa = PBXBuildFile; fileRef = D8A10DCE16A358FE00E1E121 /* QuartzCore.framework */; };
		D8A10DD116A3590D00E1E121 /* MediaPlayer.framework in Frameworks */ = {isa = PBXBuildFile; fileRef = D8A10DD016A3590D00E1E121 /* MediaPlayer.framework */; };
		D8A10DD316A3591B00E1E121 /* MobileCoreServices.framework in Frameworks */ = {isa = PBXBuildFile; fileRef = D8A10DD216A3591B00E1E121 /* MobileCoreServices.framework */; };
		D8A10DD516A3592900E1E121 /* OpenGLES.framework in Frameworks */ = {isa = PBXBuildFile; fileRef = D8A10DD416A3592900E1E121 /* OpenGLES.framework */; };
		D8A10DD716A3593800E1E121 /* Security.framework in Frameworks */ = {isa = PBXBuildFile; fileRef = D8A10DD616A3593800E1E121 /* Security.framework */; };
		D8A10DD916A3598600E1E121 /* ArcGIS.bundle in Resources */ = {isa = PBXBuildFile; fileRef = D8A10DD816A3598600E1E121 /* ArcGIS.bundle */; };
		D8A10DDB16A35BA200E1E121 /* libstdc++.dylib in Frameworks */ = {isa = PBXBuildFile; fileRef = D8A10DDA16A35BA200E1E121 /* libstdc++.dylib */; };
		D8A10DF516AE054600E1E121 /* RouteViewController.m in Sources */ = {isa = PBXBuildFile; fileRef = D8A10DF416AE054600E1E121 /* RouteViewController.m */; };
		D8A10DF916AE30EC00E1E121 /* QueryTask.m in Sources */ = {isa = PBXBuildFile; fileRef = D8A10DF816AE30EC00E1E121 /* QueryTask.m */; };
		D8C8EB4616BF1E6000AC7603 /* background.png in Resources */ = {isa = PBXBuildFile; fileRef = D8C8EB4516BF1E6000AC7603 /* background.png */; };
		D8C8EB5116BF2AAB00AC7603 /* Zoom Out.png in Resources */ = {isa = PBXBuildFile; fileRef = D8C8EB5016BF2AAB00AC7603 /* Zoom Out.png */; };
		D8C8EB5416BF2C7F00AC7603 /* layers.png in Resources */ = {isa = PBXBuildFile; fileRef = D8C8EB5316BF2C7F00AC7603 /* layers.png */; };
		D8D56E6116DC7488002EDFA9 /* background copy.png in Resources */ = {isa = PBXBuildFile; fileRef = D8D56E0F16DC7488002EDFA9 /* background copy.png */; };
		D8D56E6216DC7488002EDFA9 /* bigger map1 copy.jpeg in Resources */ = {isa = PBXBuildFile; fileRef = D8D56E1016DC7488002EDFA9 /* bigger map1 copy.jpeg */; };
		D8D56E6316DC7488002EDFA9 /* bigger map2 copy.jpeg in Resources */ = {isa = PBXBuildFile; fileRef = D8D56E1116DC7488002EDFA9 /* bigger map2 copy.jpeg */; };
		D8D56E6416DC7488002EDFA9 /* bigger map3 copy.jpeg in Resources */ = {isa = PBXBuildFile; fileRef = D8D56E1216DC7488002EDFA9 /* bigger map3 copy.jpeg */; };
		D8D56E6516DC7488002EDFA9 /* bigger map4 copy.jpeg in Resources */ = {isa = PBXBuildFile; fileRef = D8D56E1316DC7488002EDFA9 /* bigger map4 copy.jpeg */; };
		D8D56E6616DC7488002EDFA9 /* bigger map5 copy.jpeg in Resources */ = {isa = PBXBuildFile; fileRef = D8D56E1416DC7488002EDFA9 /* bigger map5 copy.jpeg */; };
		D8D56E6716DC7488002EDFA9 /* bigger map6 copy.jpeg in Resources */ = {isa = PBXBuildFile; fileRef = D8D56E1516DC7488002EDFA9 /* bigger map6 copy.jpeg */; };
		D8D56E6816DC7488002EDFA9 /* bigger map7 copy.jpeg in Resources */ = {isa = PBXBuildFile; fileRef = D8D56E1616DC7488002EDFA9 /* bigger map7 copy.jpeg */; };
		D8D56E6916DC7488002EDFA9 /* bigger map8 copy.jpeg in Resources */ = {isa = PBXBuildFile; fileRef = D8D56E1716DC7488002EDFA9 /* bigger map8 copy.jpeg */; };
		D8D56E6A16DC7488002EDFA9 /* bigger map9 copy.jpeg in Resources */ = {isa = PBXBuildFile; fileRef = D8D56E1816DC7488002EDFA9 /* bigger map9 copy.jpeg */; };
		D8D56E6B16DC7488002EDFA9 /* black and blue map background.jpeg in Resources */ = {isa = PBXBuildFile; fileRef = D8D56E1916DC7488002EDFA9 /* black and blue map background.jpeg */; };
		D8D56E6C16DC7488002EDFA9 /* black and white streaks background.jpeg in Resources */ = {isa = PBXBuildFile; fileRef = D8D56E1A16DC7488002EDFA9 /* black and white streaks background.jpeg */; };
		D8D56E6D16DC7488002EDFA9 /* black brown map background.jpeg in Resources */ = {isa = PBXBuildFile; fileRef = D8D56E1B16DC7488002EDFA9 /* black brown map background.jpeg */; };
		D8D56E6E16DC7488002EDFA9 /* black red map background.jpeg in Resources */ = {isa = PBXBuildFile; fileRef = D8D56E1C16DC7488002EDFA9 /* black red map background.jpeg */; };
		D8D56E6F16DC7488002EDFA9 /* black to white background.jpeg in Resources */ = {isa = PBXBuildFile; fileRef = D8D56E1D16DC7488002EDFA9 /* black to white background.jpeg */; };
		D8D56E7016DC7488002EDFA9 /* blue gray streaks background.jpeg in Resources */ = {isa = PBXBuildFile; fileRef = D8D56E1E16DC7488002EDFA9 /* blue gray streaks background.jpeg */; };
		D8D56E7116DC7488002EDFA9 /* blue map background.jpeg in Resources */ = {isa = PBXBuildFile; fileRef = D8D56E1F16DC7488002EDFA9 /* blue map background.jpeg */; };
		D8D56E7216DC7488002EDFA9 /* bright blue background.jpeg in Resources */ = {isa = PBXBuildFile; fileRef = D8D56E2016DC7488002EDFA9 /* bright blue background.jpeg */; };
		D8D56E7316DC7488002EDFA9 /* bright orange map background.jpeg in Resources */ = {isa = PBXBuildFile; fileRef = D8D56E2116DC7488002EDFA9 /* bright orange map background.jpeg */; };
		D8D56E7416DC7488002EDFA9 /* brown map background.jpeg in Resources */ = {isa = PBXBuildFile; fileRef = D8D56E2216DC7488002EDFA9 /* brown map background.jpeg */; };
		D8D56E7516DC7488002EDFA9 /* colorful map background.jpeg in Resources */ = {isa = PBXBuildFile; fileRef = D8D56E2316DC7488002EDFA9 /* colorful map background.jpeg */; };
		D8D56E7616DC7488002EDFA9 /* congo-white.jpg in Resources */ = {isa = PBXBuildFile; fileRef = D8D56E2416DC7488002EDFA9 /* congo-white.jpg */; };
		D8D56E7716DC7488002EDFA9 /* dark gray background.jpeg in Resources */ = {isa = PBXBuildFile; fileRef = D8D56E2516DC7488002EDFA9 /* dark gray background.jpeg */; };
		D8D56E7816DC7488002EDFA9 /* full size Ocean_map.jpg in Resources */ = {isa = PBXBuildFile; fileRef = D8D56E2616DC7488002EDFA9 /* full size Ocean_map.jpg */; };
		D8D56E7916DC7488002EDFA9 /* gray background.jpeg in Resources */ = {isa = PBXBuildFile; fileRef = D8D56E2716DC7488002EDFA9 /* gray background.jpeg */; };
		D8D56E7A16DC7488002EDFA9 /* gray map background.jpeg in Resources */ = {isa = PBXBuildFile; fileRef = D8D56E2816DC7488002EDFA9 /* gray map background.jpeg */; };
		D8D56E7B16DC7488002EDFA9 /* light gray background.jpeg in Resources */ = {isa = PBXBuildFile; fileRef = D8D56E2916DC7488002EDFA9 /* light gray background.jpeg */; };
		D8D56E7C16DC7488002EDFA9 /* normal gray background.jpeg in Resources */ = {isa = PBXBuildFile; fileRef = D8D56E2A16DC7488002EDFA9 /* normal gray background.jpeg */; };
		D8D56E7D16DC7488002EDFA9 /* ocean blue background.jpeg in Resources */ = {isa = PBXBuildFile; fileRef = D8D56E2B16DC7488002EDFA9 /* ocean blue background.jpeg */; };
		D8D56E7E16DC7488002EDFA9 /* ocean map background.jpeg in Resources */ = {isa = PBXBuildFile; fileRef = D8D56E2C16DC7488002EDFA9 /* ocean map background.jpeg */; };
		D8D56E7F16DC7488002EDFA9 /* ocean.jpeg in Resources */ = {isa = PBXBuildFile; fileRef = D8D56E2D16DC7488002EDFA9 /* ocean.jpeg */; };
		D8D56E8016DC7488002EDFA9 /* scaled black brown map background.jpeg in Resources */ = {isa = PBXBuildFile; fileRef = D8D56E2E16DC7488002EDFA9 /* scaled black brown map background.jpeg */; };
		D8D56E8116DC7488002EDFA9 /* scaled black red map background.jpeg in Resources */ = {isa = PBXBuildFile; fileRef = D8D56E2F16DC7488002EDFA9 /* scaled black red map background.jpeg */; };
		D8D56E8216DC7488002EDFA9 /* scaled black to white background.jpeg in Resources */ = {isa = PBXBuildFile; fileRef = D8D56E3016DC7488002EDFA9 /* scaled black to white background.jpeg */; };
		D8D56E8316DC7488002EDFA9 /* scaled blue gray streaks background.jpeg in Resources */ = {isa = PBXBuildFile; fileRef = D8D56E3116DC7488002EDFA9 /* scaled blue gray streaks background.jpeg */; };
		D8D56E8416DC7488002EDFA9 /* scaled blue map background.jpeg in Resources */ = {isa = PBXBuildFile; fileRef = D8D56E3216DC7488002EDFA9 /* scaled blue map background.jpeg */; };
		D8D56E8516DC7488002EDFA9 /* scaled bright blue background.jpeg in Resources */ = {isa = PBXBuildFile; fileRef = D8D56E3316DC7488002EDFA9 /* scaled bright blue background.jpeg */; };
		D8D56E8616DC7488002EDFA9 /* scaled bright orange map background.jpeg in Resources */ = {isa = PBXBuildFile; fileRef = D8D56E3416DC7488002EDFA9 /* scaled bright orange map background.jpeg */; };
		D8D56E8716DC7488002EDFA9 /* scaled brown map background.jpeg in Resources */ = {isa = PBXBuildFile; fileRef = D8D56E3516DC7488002EDFA9 /* scaled brown map background.jpeg */; };
		D8D56E8816DC7488002EDFA9 /* scaled colorful map background.jpeg in Resources */ = {isa = PBXBuildFile; fileRef = D8D56E3616DC7488002EDFA9 /* scaled colorful map background.jpeg */; };
		D8D56E8916DC7488002EDFA9 /* scaled congo-white.jpg in Resources */ = {isa = PBXBuildFile; fileRef = D8D56E3716DC7488002EDFA9 /* scaled congo-white.jpg */; };
		D8D56E8A16DC7488002EDFA9 /* scaled dark gray background.jpeg in Resources */ = {isa = PBXBuildFile; fileRef = D8D56E3816DC7488002EDFA9 /* scaled dark gray background.jpeg */; };
		D8D56E8B16DC7488002EDFA9 /* scaled gray background.jpeg in Resources */ = {isa = PBXBuildFile; fileRef = D8D56E3916DC7488002EDFA9 /* scaled gray background.jpeg */; };
		D8D56E8C16DC7488002EDFA9 /* scaled gray map background.jpeg in Resources */ = {isa = PBXBuildFile; fileRef = D8D56E3A16DC7488002EDFA9 /* scaled gray map background.jpeg */; };
		D8D56E8D16DC7488002EDFA9 /* scaled light gray background.jpeg in Resources */ = {isa = PBXBuildFile; fileRef = D8D56E3B16DC7488002EDFA9 /* scaled light gray background.jpeg */; };
		D8D56E8E16DC7488002EDFA9 /* scaled normal gray background.jpeg in Resources */ = {isa = PBXBuildFile; fileRef = D8D56E3C16DC7488002EDFA9 /* scaled normal gray background.jpeg */; };
		D8D56E8F16DC7488002EDFA9 /* scaled ocean blue background.jpeg in Resources */ = {isa = PBXBuildFile; fileRef = D8D56E3D16DC7488002EDFA9 /* scaled ocean blue background.jpeg */; };
		D8D56E9016DC7488002EDFA9 /* scaled ocean map background.jpeg in Resources */ = {isa = PBXBuildFile; fileRef = D8D56E3E16DC7488002EDFA9 /* scaled ocean map background.jpeg */; };
		D8D56E9116DC7488002EDFA9 /* scaled shadowed gray background.jpeg in Resources */ = {isa = PBXBuildFile; fileRef = D8D56E3F16DC7488002EDFA9 /* scaled shadowed gray background.jpeg */; };
		D8D56E9216DC7488002EDFA9 /* scaled wavy gray background.jpeg in Resources */ = {isa = PBXBuildFile; fileRef = D8D56E4016DC7488002EDFA9 /* scaled wavy gray background.jpeg */; };
		D8D56E9316DC7488002EDFA9 /* scaled wavy navy blue background.jpeg in Resources */ = {isa = PBXBuildFile; fileRef = D8D56E4116DC7488002EDFA9 /* scaled wavy navy blue background.jpeg */; };
		D8D56E9416DC7488002EDFA9 /* scaled white background w border.jpeg in Resources */ = {isa = PBXBuildFile; fileRef = D8D56E4216DC7488002EDFA9 /* scaled white background w border.jpeg */; };
		D8D56E9516DC7488002EDFA9 /* scaled white map background.jpeg in Resources */ = {isa = PBXBuildFile; fileRef = D8D56E4316DC7488002EDFA9 /* scaled white map background.jpeg */; };
		D8D56E9616DC7488002EDFA9 /* scaled White-Background.gif in Resources */ = {isa = PBXBuildFile; fileRef = D8D56E4416DC7488002EDFA9 /* scaled White-Background.gif */; };
		D8D56E9716DC7488002EDFA9 /* shadowed gray background.jpeg in Resources */ = {isa = PBXBuildFile; fileRef = D8D56E4516DC7488002EDFA9 /* shadowed gray background.jpeg */; };
		D8D56E9816DC7488002EDFA9 /* sky.jpeg in Resources */ = {isa = PBXBuildFile; fileRef = D8D56E4616DC7488002EDFA9 /* sky.jpeg */; };
		D8D56E9916DC7488002EDFA9 /* wavy gray background.jpeg in Resources */ = {isa = PBXBuildFile; fileRef = D8D56E4716DC7488002EDFA9 /* wavy gray background.jpeg */; };
		D8D56E9A16DC7488002EDFA9 /* wavy navy blue background.jpeg in Resources */ = {isa = PBXBuildFile; fileRef = D8D56E4816DC7488002EDFA9 /* wavy navy blue background.jpeg */; };
		D8D56E9B16DC7488002EDFA9 /* white background w border.jpeg in Resources */ = {isa = PBXBuildFile; fileRef = D8D56E4916DC7488002EDFA9 /* white background w border.jpeg */; };
		D8D56E9C16DC7488002EDFA9 /* white map background.jpeg in Resources */ = {isa = PBXBuildFile; fileRef = D8D56E4A16DC7488002EDFA9 /* white map background.jpeg */; };
		D8D56E9D16DC7488002EDFA9 /* White-Background.gif in Resources */ = {isa = PBXBuildFile; fileRef = D8D56E4B16DC7488002EDFA9 /* White-Background.gif */; };
		D8D56E9E16DC7488002EDFA9 /* 0-1.png in Resources */ = {isa = PBXBuildFile; fileRef = D8D56E4E16DC7488002EDFA9 /* 0-1.png */; };
		D8D56E9F16DC7488002EDFA9 /* 0-10.png in Resources */ = {isa = PBXBuildFile; fileRef = D8D56E4F16DC7488002EDFA9 /* 0-10.png */; };
		D8D56EA016DC7488002EDFA9 /* 0-11.png in Resources */ = {isa = PBXBuildFile; fileRef = D8D56E5016DC7488002EDFA9 /* 0-11.png */; };
		D8D56EA116DC7488002EDFA9 /* 0-12.png in Resources */ = {isa = PBXBuildFile; fileRef = D8D56E5116DC7488002EDFA9 /* 0-12.png */; };
		D8D56EA216DC7488002EDFA9 /* 0-13.png in Resources */ = {isa = PBXBuildFile; fileRef = D8D56E5216DC7488002EDFA9 /* 0-13.png */; };
		D8D56EA316DC7488002EDFA9 /* 0-14.png in Resources */ = {isa = PBXBuildFile; fileRef = D8D56E5316DC7488002EDFA9 /* 0-14.png */; };
		D8D56EA416DC7488002EDFA9 /* 0-15.png in Resources */ = {isa = PBXBuildFile; fileRef = D8D56E5416DC7488002EDFA9 /* 0-15.png */; };
		D8D56EA516DC7488002EDFA9 /* 0-16.png in Resources */ = {isa = PBXBuildFile; fileRef = D8D56E5516DC7488002EDFA9 /* 0-16.png */; };
		D8D56EA616DC7488002EDFA9 /* 0-17.png in Resources */ = {isa = PBXBuildFile; fileRef = D8D56E5616DC7488002EDFA9 /* 0-17.png */; };
		D8D56EA716DC7488002EDFA9 /* 0-2.png in Resources */ = {isa = PBXBuildFile; fileRef = D8D56E5716DC7488002EDFA9 /* 0-2.png */; };
		D8D56EA816DC7488002EDFA9 /* 0-3.png in Resources */ = {isa = PBXBuildFile; fileRef = D8D56E5816DC7488002EDFA9 /* 0-3.png */; };
		D8D56EA916DC7488002EDFA9 /* 0-4.png in Resources */ = {isa = PBXBuildFile; fileRef = D8D56E5916DC7488002EDFA9 /* 0-4.png */; };
		D8D56EAA16DC7488002EDFA9 /* 0-5.png in Resources */ = {isa = PBXBuildFile; fileRef = D8D56E5A16DC7488002EDFA9 /* 0-5.png */; };
		D8D56EAB16DC7488002EDFA9 /* 0-6.png in Resources */ = {isa = PBXBuildFile; fileRef = D8D56E5B16DC7488002EDFA9 /* 0-6.png */; };
		D8D56EAC16DC7488002EDFA9 /* 0-7.png in Resources */ = {isa = PBXBuildFile; fileRef = D8D56E5C16DC7488002EDFA9 /* 0-7.png */; };
		D8D56EAD16DC7488002EDFA9 /* 0-8.png in Resources */ = {isa = PBXBuildFile; fileRef = D8D56E5D16DC7488002EDFA9 /* 0-8.png */; };
		D8D56EAE16DC7488002EDFA9 /* 0-9.png in Resources */ = {isa = PBXBuildFile; fileRef = D8D56E5E16DC7488002EDFA9 /* 0-9.png */; };
		D8D56EAF16DC7488002EDFA9 /* 0.png in Resources */ = {isa = PBXBuildFile; fileRef = D8D56E5F16DC7488002EDFA9 /* 0.png */; };
		D8D56EB016DC7488002EDFA9 /* schedule.jpeg in Resources */ = {isa = PBXBuildFile; fileRef = D8D56E6016DC7488002EDFA9 /* schedule.jpeg */; };
		D8D56EB316DC8692002EDFA9 /* ocen app icon.png in Resources */ = {isa = PBXBuildFile; fileRef = D8D56EB216DC8692002EDFA9 /* ocen app icon.png */; };
		D8D56EB516DC869A002EDFA9 /* ocen app icon.png in Resources */ = {isa = PBXBuildFile; fileRef = D8D56EB416DC869A002EDFA9 /* ocen app icon.png */; };
		D8D56EB716DC8701002EDFA9 /* ocen app retina icon.png in Resources */ = {isa = PBXBuildFile; fileRef = D8D56EB616DC8701002EDFA9 /* ocen app retina icon.png */; };
		D8D56EB916DC8708002EDFA9 /* ocen app retina icon.png in Resources */ = {isa = PBXBuildFile; fileRef = D8D56EB816DC8708002EDFA9 /* ocen app retina icon.png */; };
		D8D56EBF16E97ACF002EDFA9 /* BSEE_1.png in Resources */ = {isa = PBXBuildFile; fileRef = D8D56EBA16E97ACF002EDFA9 /* BSEE_1.png */; };
		D8D56EC016E97ACF002EDFA9 /* BSEE_2.png in Resources */ = {isa = PBXBuildFile; fileRef = D8D56EBB16E97ACF002EDFA9 /* BSEE_2.png */; };
		D8D56EC116E97ACF002EDFA9 /* BSEE_3.png in Resources */ = {isa = PBXBuildFile; fileRef = D8D56EBC16E97ACF002EDFA9 /* BSEE_3.png */; };
		D8D56EC216E97ACF002EDFA9 /* GDlogoblue.png in Resources */ = {isa = PBXBuildFile; fileRef = D8D56EBD16E97ACF002EDFA9 /* GDlogoblue.png */; };
		D8D56EC316E97ACF002EDFA9 /* GDlogowhite.png in Resources */ = {isa = PBXBuildFile; fileRef = D8D56EBE16E97ACF002EDFA9 /* GDlogowhite.png */; };
		D8D56EC516E97BB9002EDFA9 /* Navy-Blue-Spectrum-Wallpaper-1.jpg in Resources */ = {isa = PBXBuildFile; fileRef = D8D56EC416E97BB9002EDFA9 /* Navy-Blue-Spectrum-Wallpaper-1.jpg */; };
		D8D56ECB16F1943E002EDFA9 /* Active Platforms Symbol Transparent.png in Resources */ = {isa = PBXBuildFile; fileRef = D8D56ECA16F1943E002EDFA9 /* Active Platforms Symbol Transparent.png */; };
		D8D56ECE16F2D29A002EDFA9 /* Sale 222.png in Resources */ = {isa = PBXBuildFile; fileRef = D8D56ECD16F2D29A002EDFA9 /* Sale 222.png */; };
		D8D56ED016F2D857002EDFA9 /* Proposed Platforms.png in Resources */ = {isa = PBXBuildFile; fileRef = D8D56ECF16F2D857002EDFA9 /* Proposed Platforms.png */; };
		D8D56ED216F2DA42002EDFA9 /* Removed Platforms.png in Resources */ = {isa = PBXBuildFile; fileRef = D8D56ED116F2DA42002EDFA9 /* Removed Platforms.png */; };
		D8D56ED416F2DB44002EDFA9 /* Pipelines.png in Resources */ = {isa = PBXBuildFile; fileRef = D8D56ED316F2DB44002EDFA9 /* Pipelines.png */; };
		D8D56ED616F2DBFD002EDFA9 /* Active Leases.png in Resources */ = {isa = PBXBuildFile; fileRef = D8D56ED516F2DBFD002EDFA9 /* Active Leases.png */; };
		D8D56ED816F2DD4E002EDFA9 /* Protractions.png in Resources */ = {isa = PBXBuildFile; fileRef = D8D56ED716F2DD4E002EDFA9 /* Protractions.png */; };
		D8D56EDA16F2DE3B002EDFA9 /* Blocks.png in Resources */ = {isa = PBXBuildFile; fileRef = D8D56ED916F2DE3B002EDFA9 /* Blocks.png */; };
		D8D56EDC16F2E04B002EDFA9 /* Route.png in Resources */ = {isa = PBXBuildFile; fileRef = D8D56EDB16F2E04B002EDFA9 /* Route.png */; };
		D8D56EDE16F2E251002EDFA9 /* Radar.png in Resources */ = {isa = PBXBuildFile; fileRef = D8D56EDD16F2E251002EDFA9 /* Radar.png */; };
		D8D56EE516F50B4B002EDFA9 /* boem01-1.png in Resources */ = {isa = PBXBuildFile; fileRef = D8D56EE316F50B4B002EDFA9 /* boem01-1.png */; };
		D8D56EE616F50B4B002EDFA9 /* boem02-1.png in Resources */ = {isa = PBXBuildFile; fileRef = D8D56EE416F50B4B002EDFA9 /* boem02-1.png */; };
		ED92D2C716D4A23F0066C347 /* schedule.png in Resources */ = {isa = PBXBuildFile; fileRef = ED92D2C616D4A23F0066C347 /* schedule.png */; };
		ED92D2CC16D4A7B70066C347 /* back.png in Resources */ = {isa = PBXBuildFile; fileRef = ED92D2CB16D4A7B70066C347 /* back.png */; };
/* End PBXBuildFile section */

/* Begin PBXContainerItemProxy section */
		D8A10DB316A3585600E1E121 /* PBXContainerItemProxy */ = {
			isa = PBXContainerItemProxy;
			containerPortal = D8A10D7E16A3585600E1E121 /* Project object */;
			proxyType = 1;
			remoteGlobalIDString = D8A10D8616A3585600E1E121;
			remoteInfo = PorkChopSandwich;
		};
/* End PBXContainerItemProxy section */

/* Begin PBXFileReference section */
		D812725D16B47381006D1351 /* RouteTask.h */ = {isa = PBXFileReference; fileEncoding = 4; lastKnownFileType = sourcecode.c.h; path = RouteTask.h; sourceTree = "<group>"; };
		D812725E16B47381006D1351 /* RouteTask.m */ = {isa = PBXFileReference; fileEncoding = 4; lastKnownFileType = sourcecode.c.objc; path = RouteTask.m; sourceTree = "<group>"; };
		D812726916B5A037006D1351 /* FeatureGraph-Prefix.pch */ = {isa = PBXFileReference; fileEncoding = 4; lastKnownFileType = sourcecode.c.h; path = "FeatureGraph-Prefix.pch"; sourceTree = "<group>"; };
		D812726A16B5A037006D1351 /* FeatureGraph.h */ = {isa = PBXFileReference; fileEncoding = 4; lastKnownFileType = sourcecode.c.h; path = FeatureGraph.h; sourceTree = "<group>"; };
		D812726B16B5A037006D1351 /* FeatureGraph.m */ = {isa = PBXFileReference; fileEncoding = 4; lastKnownFileType = sourcecode.c.objc; path = FeatureGraph.m; sourceTree = "<group>"; };
		D812726C16B5A037006D1351 /* FeatureGraphEdge.h */ = {isa = PBXFileReference; fileEncoding = 4; lastKnownFileType = sourcecode.c.h; path = FeatureGraphEdge.h; sourceTree = "<group>"; };
		D812726D16B5A037006D1351 /* FeatureGraphEdge.m */ = {isa = PBXFileReference; fileEncoding = 4; lastKnownFileType = sourcecode.c.objc; path = FeatureGraphEdge.m; sourceTree = "<group>"; };
		D812726E16B5A037006D1351 /* FeatureGraphNode.h */ = {isa = PBXFileReference; fileEncoding = 4; lastKnownFileType = sourcecode.c.h; path = FeatureGraphNode.h; sourceTree = "<group>"; };
		D812726F16B5A037006D1351 /* FeatureGraphNode.m */ = {isa = PBXFileReference; fileEncoding = 4; lastKnownFileType = sourcecode.c.objc; path = FeatureGraphNode.m; sourceTree = "<group>"; };
		D812727016B5A037006D1351 /* FeatureGraphRoute.h */ = {isa = PBXFileReference; fileEncoding = 4; lastKnownFileType = sourcecode.c.h; path = FeatureGraphRoute.h; sourceTree = "<group>"; };
		D812727116B5A037006D1351 /* FeatureGraphRoute.m */ = {isa = PBXFileReference; fileEncoding = 4; lastKnownFileType = sourcecode.c.objc; path = FeatureGraphRoute.m; sourceTree = "<group>"; };
		D812727216B5A037006D1351 /* FeatureGraphRouteStep.h */ = {isa = PBXFileReference; fileEncoding = 4; lastKnownFileType = sourcecode.c.h; path = FeatureGraphRouteStep.h; sourceTree = "<group>"; };
		D812727316B5A037006D1351 /* FeatureGraphRouteStep.m */ = {isa = PBXFileReference; fileEncoding = 4; lastKnownFileType = sourcecode.c.objc; path = FeatureGraphRouteStep.m; sourceTree = "<group>"; };
		D812727916B5A1C7006D1351 /* FeatureGraphTests.h */ = {isa = PBXFileReference; fileEncoding = 4; lastKnownFileType = sourcecode.c.h; path = FeatureGraphTests.h; sourceTree = "<group>"; };
		D812727A16B5A1C7006D1351 /* FeatureGraphTests.m */ = {isa = PBXFileReference; fileEncoding = 4; lastKnownFileType = sourcecode.c.objc; path = FeatureGraphTests.m; sourceTree = "<group>"; };
		D8A10D8716A3585600E1E121 /* PorkChopSandwich.app */ = {isa = PBXFileReference; explicitFileType = wrapper.application; includeInIndex = 0; path = PorkChopSandwich.app; sourceTree = BUILT_PRODUCTS_DIR; };
		D8A10D8B16A3585600E1E121 /* UIKit.framework */ = {isa = PBXFileReference; lastKnownFileType = wrapper.framework; name = UIKit.framework; path = System/Library/Frameworks/UIKit.framework; sourceTree = SDKROOT; };
		D8A10D8D16A3585600E1E121 /* Foundation.framework */ = {isa = PBXFileReference; lastKnownFileType = wrapper.framework; name = Foundation.framework; path = System/Library/Frameworks/Foundation.framework; sourceTree = SDKROOT; };
		D8A10D8F16A3585600E1E121 /* CoreGraphics.framework */ = {isa = PBXFileReference; lastKnownFileType = wrapper.framework; name = CoreGraphics.framework; path = System/Library/Frameworks/CoreGraphics.framework; sourceTree = SDKROOT; };
		D8A10D9316A3585600E1E121 /* PorkChopSandwich-Info.plist */ = {isa = PBXFileReference; lastKnownFileType = text.plist.xml; path = "PorkChopSandwich-Info.plist"; sourceTree = "<group>"; };
		D8A10D9516A3585600E1E121 /* en */ = {isa = PBXFileReference; lastKnownFileType = text.plist.strings; name = en; path = en.lproj/InfoPlist.strings; sourceTree = "<group>"; };
		D8A10D9716A3585600E1E121 /* main.m */ = {isa = PBXFileReference; lastKnownFileType = sourcecode.c.objc; path = main.m; sourceTree = "<group>"; };
		D8A10D9916A3585600E1E121 /* PorkChopSandwich-Prefix.pch */ = {isa = PBXFileReference; lastKnownFileType = sourcecode.c.h; path = "PorkChopSandwich-Prefix.pch"; sourceTree = "<group>"; };
		D8A10D9A16A3585600E1E121 /* PorkChopSandwichAppDelegate.h */ = {isa = PBXFileReference; lastKnownFileType = sourcecode.c.h; path = PorkChopSandwichAppDelegate.h; sourceTree = "<group>"; };
		D8A10D9B16A3585600E1E121 /* PorkChopSandwichAppDelegate.m */ = {isa = PBXFileReference; lastKnownFileType = sourcecode.c.objc; path = PorkChopSandwichAppDelegate.m; sourceTree = "<group>"; };
		D8A10D9D16A3585600E1E121 /* Default.png */ = {isa = PBXFileReference; lastKnownFileType = image.png; path = Default.png; sourceTree = "<group>"; };
		D8A10D9F16A3585600E1E121 /* Default@2x.png */ = {isa = PBXFileReference; lastKnownFileType = image.png; path = "Default@2x.png"; sourceTree = "<group>"; };
		D8A10DA116A3585600E1E121 /* Default-568h@2x.png */ = {isa = PBXFileReference; lastKnownFileType = image.png; path = "Default-568h@2x.png"; sourceTree = "<group>"; };
		D8A10DA316A3585600E1E121 /* PorkChopSandwichViewController.h */ = {isa = PBXFileReference; lastKnownFileType = sourcecode.c.h; path = PorkChopSandwichViewController.h; sourceTree = "<group>"; };
		D8A10DA416A3585600E1E121 /* PorkChopSandwichViewController.m */ = {isa = PBXFileReference; lastKnownFileType = sourcecode.c.objc; path = PorkChopSandwichViewController.m; sourceTree = "<group>"; };
		D8A10DA716A3585600E1E121 /* en */ = {isa = PBXFileReference; lastKnownFileType = file.xib; name = en; path = en.lproj/PorkChopSandwichViewController.xib; sourceTree = "<group>"; };
		D8A10DAE16A3585600E1E121 /* PorkChopSandwichTests.octest */ = {isa = PBXFileReference; explicitFileType = wrapper.cfbundle; includeInIndex = 0; path = PorkChopSandwichTests.octest; sourceTree = BUILT_PRODUCTS_DIR; };
		D8A10DAF16A3585600E1E121 /* SenTestingKit.framework */ = {isa = PBXFileReference; lastKnownFileType = wrapper.framework; name = SenTestingKit.framework; path = Library/Frameworks/SenTestingKit.framework; sourceTree = DEVELOPER_DIR; };
		D8A10DB716A3585600E1E121 /* PorkChopSandwichTests-Info.plist */ = {isa = PBXFileReference; lastKnownFileType = text.plist.xml; path = "PorkChopSandwichTests-Info.plist"; sourceTree = "<group>"; };
		D8A10DB916A3585600E1E121 /* en */ = {isa = PBXFileReference; lastKnownFileType = text.plist.strings; name = en; path = en.lproj/InfoPlist.strings; sourceTree = "<group>"; };
		D8A10DBB16A3585600E1E121 /* PorkChopSandwichTests.h */ = {isa = PBXFileReference; lastKnownFileType = sourcecode.c.h; path = PorkChopSandwichTests.h; sourceTree = "<group>"; };
		D8A10DBC16A3585600E1E121 /* PorkChopSandwichTests.m */ = {isa = PBXFileReference; lastKnownFileType = sourcecode.c.objc; path = PorkChopSandwichTests.m; sourceTree = "<group>"; };
		D8A10DC616A3589E00E1E121 /* CoreLocation.framework */ = {isa = PBXFileReference; lastKnownFileType = wrapper.framework; name = CoreLocation.framework; path = System/Library/Frameworks/CoreLocation.framework; sourceTree = SDKROOT; };
		D8A10DC816A358AA00E1E121 /* CoreText.framework */ = {isa = PBXFileReference; lastKnownFileType = wrapper.framework; name = CoreText.framework; path = System/Library/Frameworks/CoreText.framework; sourceTree = SDKROOT; };
		D8A10DCA16A358E600E1E121 /* libc++.dylib */ = {isa = PBXFileReference; lastKnownFileType = "compiled.mach-o.dylib"; name = "libc++.dylib"; path = "usr/lib/libc++.dylib"; sourceTree = SDKROOT; };
		D8A10DCC16A358F000E1E121 /* libz.dylib */ = {isa = PBXFileReference; lastKnownFileType = "compiled.mach-o.dylib"; name = libz.dylib; path = usr/lib/libz.dylib; sourceTree = SDKROOT; };
		D8A10DCE16A358FE00E1E121 /* QuartzCore.framework */ = {isa = PBXFileReference; lastKnownFileType = wrapper.framework; name = QuartzCore.framework; path = System/Library/Frameworks/QuartzCore.framework; sourceTree = SDKROOT; };
		D8A10DD016A3590D00E1E121 /* MediaPlayer.framework */ = {isa = PBXFileReference; lastKnownFileType = wrapper.framework; name = MediaPlayer.framework; path = System/Library/Frameworks/MediaPlayer.framework; sourceTree = SDKROOT; };
		D8A10DD216A3591B00E1E121 /* MobileCoreServices.framework */ = {isa = PBXFileReference; lastKnownFileType = wrapper.framework; name = MobileCoreServices.framework; path = System/Library/Frameworks/MobileCoreServices.framework; sourceTree = SDKROOT; };
		D8A10DD416A3592900E1E121 /* OpenGLES.framework */ = {isa = PBXFileReference; lastKnownFileType = wrapper.framework; name = OpenGLES.framework; path = System/Library/Frameworks/OpenGLES.framework; sourceTree = SDKROOT; };
		D8A10DD616A3593800E1E121 /* Security.framework */ = {isa = PBXFileReference; lastKnownFileType = wrapper.framework; name = Security.framework; path = System/Library/Frameworks/Security.framework; sourceTree = SDKROOT; };
		D8A10DD816A3598600E1E121 /* ArcGIS.bundle */ = {isa = PBXFileReference; lastKnownFileType = "wrapper.plug-in"; name = ArcGIS.bundle; path = ../../../Library/SDKs/ArcGIS/ArcGIS.framework/Versions/Current/Resources/ArcGIS.bundle; sourceTree = "<group>"; };
		D8A10DDA16A35BA200E1E121 /* libstdc++.dylib */ = {isa = PBXFileReference; lastKnownFileType = "compiled.mach-o.dylib"; name = "libstdc++.dylib"; path = "usr/lib/libstdc++.dylib"; sourceTree = SDKROOT; };
		D8A10DF316AE054600E1E121 /* RouteViewController.h */ = {isa = PBXFileReference; fileEncoding = 4; lastKnownFileType = sourcecode.c.h; path = RouteViewController.h; sourceTree = "<group>"; };
		D8A10DF416AE054600E1E121 /* RouteViewController.m */ = {isa = PBXFileReference; fileEncoding = 4; lastKnownFileType = sourcecode.c.objc; path = RouteViewController.m; sourceTree = "<group>"; };
		D8A10DF716AE30EC00E1E121 /* QueryTask.h */ = {isa = PBXFileReference; fileEncoding = 4; lastKnownFileType = sourcecode.c.h; path = QueryTask.h; sourceTree = "<group>"; };
		D8A10DF816AE30EC00E1E121 /* QueryTask.m */ = {isa = PBXFileReference; fileEncoding = 4; lastKnownFileType = sourcecode.c.objc; path = QueryTask.m; sourceTree = "<group>"; };
		D8C8EB4516BF1E6000AC7603 /* background.png */ = {isa = PBXFileReference; lastKnownFileType = image.png; path = background.png; sourceTree = "<group>"; };
		D8C8EB5016BF2AAB00AC7603 /* Zoom Out.png */ = {isa = PBXFileReference; lastKnownFileType = image.png; path = "Zoom Out.png"; sourceTree = "<group>"; };
		D8C8EB5316BF2C7F00AC7603 /* layers.png */ = {isa = PBXFileReference; lastKnownFileType = image.png; path = layers.png; sourceTree = "<group>"; };
		D8D56E0F16DC7488002EDFA9 /* background copy.png */ = {isa = PBXFileReference; lastKnownFileType = image.png; path = "background copy.png"; sourceTree = "<group>"; };
		D8D56E1016DC7488002EDFA9 /* bigger map1 copy.jpeg */ = {isa = PBXFileReference; lastKnownFileType = image.jpeg; path = "bigger map1 copy.jpeg"; sourceTree = "<group>"; };
		D8D56E1116DC7488002EDFA9 /* bigger map2 copy.jpeg */ = {isa = PBXFileReference; lastKnownFileType = image.jpeg; path = "bigger map2 copy.jpeg"; sourceTree = "<group>"; };
		D8D56E1216DC7488002EDFA9 /* bigger map3 copy.jpeg */ = {isa = PBXFileReference; lastKnownFileType = image.jpeg; path = "bigger map3 copy.jpeg"; sourceTree = "<group>"; };
		D8D56E1316DC7488002EDFA9 /* bigger map4 copy.jpeg */ = {isa = PBXFileReference; lastKnownFileType = image.jpeg; path = "bigger map4 copy.jpeg"; sourceTree = "<group>"; };
		D8D56E1416DC7488002EDFA9 /* bigger map5 copy.jpeg */ = {isa = PBXFileReference; lastKnownFileType = image.jpeg; path = "bigger map5 copy.jpeg"; sourceTree = "<group>"; };
		D8D56E1516DC7488002EDFA9 /* bigger map6 copy.jpeg */ = {isa = PBXFileReference; lastKnownFileType = image.jpeg; path = "bigger map6 copy.jpeg"; sourceTree = "<group>"; };
		D8D56E1616DC7488002EDFA9 /* bigger map7 copy.jpeg */ = {isa = PBXFileReference; lastKnownFileType = image.jpeg; path = "bigger map7 copy.jpeg"; sourceTree = "<group>"; };
		D8D56E1716DC7488002EDFA9 /* bigger map8 copy.jpeg */ = {isa = PBXFileReference; lastKnownFileType = image.jpeg; path = "bigger map8 copy.jpeg"; sourceTree = "<group>"; };
		D8D56E1816DC7488002EDFA9 /* bigger map9 copy.jpeg */ = {isa = PBXFileReference; lastKnownFileType = image.jpeg; path = "bigger map9 copy.jpeg"; sourceTree = "<group>"; };
		D8D56E1916DC7488002EDFA9 /* black and blue map background.jpeg */ = {isa = PBXFileReference; lastKnownFileType = image.jpeg; path = "black and blue map background.jpeg"; sourceTree = "<group>"; };
		D8D56E1A16DC7488002EDFA9 /* black and white streaks background.jpeg */ = {isa = PBXFileReference; lastKnownFileType = image.jpeg; path = "black and white streaks background.jpeg"; sourceTree = "<group>"; };
		D8D56E1B16DC7488002EDFA9 /* black brown map background.jpeg */ = {isa = PBXFileReference; lastKnownFileType = image.jpeg; path = "black brown map background.jpeg"; sourceTree = "<group>"; };
		D8D56E1C16DC7488002EDFA9 /* black red map background.jpeg */ = {isa = PBXFileReference; lastKnownFileType = image.jpeg; path = "black red map background.jpeg"; sourceTree = "<group>"; };
		D8D56E1D16DC7488002EDFA9 /* black to white background.jpeg */ = {isa = PBXFileReference; lastKnownFileType = image.jpeg; path = "black to white background.jpeg"; sourceTree = "<group>"; };
		D8D56E1E16DC7488002EDFA9 /* blue gray streaks background.jpeg */ = {isa = PBXFileReference; lastKnownFileType = image.jpeg; path = "blue gray streaks background.jpeg"; sourceTree = "<group>"; };
		D8D56E1F16DC7488002EDFA9 /* blue map background.jpeg */ = {isa = PBXFileReference; lastKnownFileType = image.jpeg; path = "blue map background.jpeg"; sourceTree = "<group>"; };
		D8D56E2016DC7488002EDFA9 /* bright blue background.jpeg */ = {isa = PBXFileReference; lastKnownFileType = image.jpeg; path = "bright blue background.jpeg"; sourceTree = "<group>"; };
		D8D56E2116DC7488002EDFA9 /* bright orange map background.jpeg */ = {isa = PBXFileReference; lastKnownFileType = image.jpeg; path = "bright orange map background.jpeg"; sourceTree = "<group>"; };
		D8D56E2216DC7488002EDFA9 /* brown map background.jpeg */ = {isa = PBXFileReference; lastKnownFileType = image.jpeg; path = "brown map background.jpeg"; sourceTree = "<group>"; };
		D8D56E2316DC7488002EDFA9 /* colorful map background.jpeg */ = {isa = PBXFileReference; lastKnownFileType = image.jpeg; path = "colorful map background.jpeg"; sourceTree = "<group>"; };
		D8D56E2416DC7488002EDFA9 /* congo-white.jpg */ = {isa = PBXFileReference; lastKnownFileType = image.jpeg; path = "congo-white.jpg"; sourceTree = "<group>"; };
		D8D56E2516DC7488002EDFA9 /* dark gray background.jpeg */ = {isa = PBXFileReference; lastKnownFileType = image.jpeg; path = "dark gray background.jpeg"; sourceTree = "<group>"; };
		D8D56E2616DC7488002EDFA9 /* full size Ocean_map.jpg */ = {isa = PBXFileReference; lastKnownFileType = image.jpeg; path = "full size Ocean_map.jpg"; sourceTree = "<group>"; };
		D8D56E2716DC7488002EDFA9 /* gray background.jpeg */ = {isa = PBXFileReference; lastKnownFileType = image.jpeg; path = "gray background.jpeg"; sourceTree = "<group>"; };
		D8D56E2816DC7488002EDFA9 /* gray map background.jpeg */ = {isa = PBXFileReference; lastKnownFileType = image.jpeg; path = "gray map background.jpeg"; sourceTree = "<group>"; };
		D8D56E2916DC7488002EDFA9 /* light gray background.jpeg */ = {isa = PBXFileReference; lastKnownFileType = image.jpeg; path = "light gray background.jpeg"; sourceTree = "<group>"; };
		D8D56E2A16DC7488002EDFA9 /* normal gray background.jpeg */ = {isa = PBXFileReference; lastKnownFileType = image.jpeg; path = "normal gray background.jpeg"; sourceTree = "<group>"; };
		D8D56E2B16DC7488002EDFA9 /* ocean blue background.jpeg */ = {isa = PBXFileReference; lastKnownFileType = image.jpeg; path = "ocean blue background.jpeg"; sourceTree = "<group>"; };
		D8D56E2C16DC7488002EDFA9 /* ocean map background.jpeg */ = {isa = PBXFileReference; lastKnownFileType = image.jpeg; path = "ocean map background.jpeg"; sourceTree = "<group>"; };
		D8D56E2D16DC7488002EDFA9 /* ocean.jpeg */ = {isa = PBXFileReference; lastKnownFileType = image.jpeg; path = ocean.jpeg; sourceTree = "<group>"; };
		D8D56E2E16DC7488002EDFA9 /* scaled black brown map background.jpeg */ = {isa = PBXFileReference; lastKnownFileType = image.jpeg; path = "scaled black brown map background.jpeg"; sourceTree = "<group>"; };
		D8D56E2F16DC7488002EDFA9 /* scaled black red map background.jpeg */ = {isa = PBXFileReference; lastKnownFileType = image.jpeg; path = "scaled black red map background.jpeg"; sourceTree = "<group>"; };
		D8D56E3016DC7488002EDFA9 /* scaled black to white background.jpeg */ = {isa = PBXFileReference; lastKnownFileType = image.jpeg; path = "scaled black to white background.jpeg"; sourceTree = "<group>"; };
		D8D56E3116DC7488002EDFA9 /* scaled blue gray streaks background.jpeg */ = {isa = PBXFileReference; lastKnownFileType = image.jpeg; path = "scaled blue gray streaks background.jpeg"; sourceTree = "<group>"; };
		D8D56E3216DC7488002EDFA9 /* scaled blue map background.jpeg */ = {isa = PBXFileReference; lastKnownFileType = image.jpeg; path = "scaled blue map background.jpeg"; sourceTree = "<group>"; };
		D8D56E3316DC7488002EDFA9 /* scaled bright blue background.jpeg */ = {isa = PBXFileReference; lastKnownFileType = image.jpeg; path = "scaled bright blue background.jpeg"; sourceTree = "<group>"; };
		D8D56E3416DC7488002EDFA9 /* scaled bright orange map background.jpeg */ = {isa = PBXFileReference; lastKnownFileType = image.jpeg; path = "scaled bright orange map background.jpeg"; sourceTree = "<group>"; };
		D8D56E3516DC7488002EDFA9 /* scaled brown map background.jpeg */ = {isa = PBXFileReference; lastKnownFileType = image.jpeg; path = "scaled brown map background.jpeg"; sourceTree = "<group>"; };
		D8D56E3616DC7488002EDFA9 /* scaled colorful map background.jpeg */ = {isa = PBXFileReference; lastKnownFileType = image.jpeg; path = "scaled colorful map background.jpeg"; sourceTree = "<group>"; };
		D8D56E3716DC7488002EDFA9 /* scaled congo-white.jpg */ = {isa = PBXFileReference; lastKnownFileType = image.jpeg; path = "scaled congo-white.jpg"; sourceTree = "<group>"; };
		D8D56E3816DC7488002EDFA9 /* scaled dark gray background.jpeg */ = {isa = PBXFileReference; lastKnownFileType = image.jpeg; path = "scaled dark gray background.jpeg"; sourceTree = "<group>"; };
		D8D56E3916DC7488002EDFA9 /* scaled gray background.jpeg */ = {isa = PBXFileReference; lastKnownFileType = image.jpeg; path = "scaled gray background.jpeg"; sourceTree = "<group>"; };
		D8D56E3A16DC7488002EDFA9 /* scaled gray map background.jpeg */ = {isa = PBXFileReference; lastKnownFileType = image.jpeg; path = "scaled gray map background.jpeg"; sourceTree = "<group>"; };
		D8D56E3B16DC7488002EDFA9 /* scaled light gray background.jpeg */ = {isa = PBXFileReference; lastKnownFileType = image.jpeg; path = "scaled light gray background.jpeg"; sourceTree = "<group>"; };
		D8D56E3C16DC7488002EDFA9 /* scaled normal gray background.jpeg */ = {isa = PBXFileReference; lastKnownFileType = image.jpeg; path = "scaled normal gray background.jpeg"; sourceTree = "<group>"; };
		D8D56E3D16DC7488002EDFA9 /* scaled ocean blue background.jpeg */ = {isa = PBXFileReference; lastKnownFileType = image.jpeg; path = "scaled ocean blue background.jpeg"; sourceTree = "<group>"; };
		D8D56E3E16DC7488002EDFA9 /* scaled ocean map background.jpeg */ = {isa = PBXFileReference; lastKnownFileType = image.jpeg; path = "scaled ocean map background.jpeg"; sourceTree = "<group>"; };
		D8D56E3F16DC7488002EDFA9 /* scaled shadowed gray background.jpeg */ = {isa = PBXFileReference; lastKnownFileType = image.jpeg; path = "scaled shadowed gray background.jpeg"; sourceTree = "<group>"; };
		D8D56E4016DC7488002EDFA9 /* scaled wavy gray background.jpeg */ = {isa = PBXFileReference; lastKnownFileType = image.jpeg; path = "scaled wavy gray background.jpeg"; sourceTree = "<group>"; };
		D8D56E4116DC7488002EDFA9 /* scaled wavy navy blue background.jpeg */ = {isa = PBXFileReference; lastKnownFileType = image.jpeg; path = "scaled wavy navy blue background.jpeg"; sourceTree = "<group>"; };
		D8D56E4216DC7488002EDFA9 /* scaled white background w border.jpeg */ = {isa = PBXFileReference; lastKnownFileType = image.jpeg; path = "scaled white background w border.jpeg"; sourceTree = "<group>"; };
		D8D56E4316DC7488002EDFA9 /* scaled white map background.jpeg */ = {isa = PBXFileReference; lastKnownFileType = image.jpeg; path = "scaled white map background.jpeg"; sourceTree = "<group>"; };
		D8D56E4416DC7488002EDFA9 /* scaled White-Background.gif */ = {isa = PBXFileReference; lastKnownFileType = image.gif; path = "scaled White-Background.gif"; sourceTree = "<group>"; };
		D8D56E4516DC7488002EDFA9 /* shadowed gray background.jpeg */ = {isa = PBXFileReference; lastKnownFileType = image.jpeg; path = "shadowed gray background.jpeg"; sourceTree = "<group>"; };
		D8D56E4616DC7488002EDFA9 /* sky.jpeg */ = {isa = PBXFileReference; lastKnownFileType = image.jpeg; path = sky.jpeg; sourceTree = "<group>"; };
		D8D56E4716DC7488002EDFA9 /* wavy gray background.jpeg */ = {isa = PBXFileReference; lastKnownFileType = image.jpeg; path = "wavy gray background.jpeg"; sourceTree = "<group>"; };
		D8D56E4816DC7488002EDFA9 /* wavy navy blue background.jpeg */ = {isa = PBXFileReference; lastKnownFileType = image.jpeg; path = "wavy navy blue background.jpeg"; sourceTree = "<group>"; };
		D8D56E4916DC7488002EDFA9 /* white background w border.jpeg */ = {isa = PBXFileReference; lastKnownFileType = image.jpeg; path = "white background w border.jpeg"; sourceTree = "<group>"; };
		D8D56E4A16DC7488002EDFA9 /* white map background.jpeg */ = {isa = PBXFileReference; lastKnownFileType = image.jpeg; path = "white map background.jpeg"; sourceTree = "<group>"; };
		D8D56E4B16DC7488002EDFA9 /* White-Background.gif */ = {isa = PBXFileReference; lastKnownFileType = image.gif; path = "White-Background.gif"; sourceTree = "<group>"; };
		D8D56E4E16DC7488002EDFA9 /* 0-1.png */ = {isa = PBXFileReference; lastKnownFileType = image.png; path = "0-1.png"; sourceTree = "<group>"; };
		D8D56E4F16DC7488002EDFA9 /* 0-10.png */ = {isa = PBXFileReference; lastKnownFileType = image.png; path = "0-10.png"; sourceTree = "<group>"; };
		D8D56E5016DC7488002EDFA9 /* 0-11.png */ = {isa = PBXFileReference; lastKnownFileType = image.png; path = "0-11.png"; sourceTree = "<group>"; };
		D8D56E5116DC7488002EDFA9 /* 0-12.png */ = {isa = PBXFileReference; lastKnownFileType = image.png; path = "0-12.png"; sourceTree = "<group>"; };
		D8D56E5216DC7488002EDFA9 /* 0-13.png */ = {isa = PBXFileReference; lastKnownFileType = image.png; path = "0-13.png"; sourceTree = "<group>"; };
		D8D56E5316DC7488002EDFA9 /* 0-14.png */ = {isa = PBXFileReference; lastKnownFileType = image.png; path = "0-14.png"; sourceTree = "<group>"; };
		D8D56E5416DC7488002EDFA9 /* 0-15.png */ = {isa = PBXFileReference; lastKnownFileType = image.png; path = "0-15.png"; sourceTree = "<group>"; };
		D8D56E5516DC7488002EDFA9 /* 0-16.png */ = {isa = PBXFileReference; lastKnownFileType = image.png; path = "0-16.png"; sourceTree = "<group>"; };
		D8D56E5616DC7488002EDFA9 /* 0-17.png */ = {isa = PBXFileReference; lastKnownFileType = image.png; path = "0-17.png"; sourceTree = "<group>"; };
		D8D56E5716DC7488002EDFA9 /* 0-2.png */ = {isa = PBXFileReference; lastKnownFileType = image.png; path = "0-2.png"; sourceTree = "<group>"; };
		D8D56E5816DC7488002EDFA9 /* 0-3.png */ = {isa = PBXFileReference; lastKnownFileType = image.png; path = "0-3.png"; sourceTree = "<group>"; };
		D8D56E5916DC7488002EDFA9 /* 0-4.png */ = {isa = PBXFileReference; lastKnownFileType = image.png; path = "0-4.png"; sourceTree = "<group>"; };
		D8D56E5A16DC7488002EDFA9 /* 0-5.png */ = {isa = PBXFileReference; lastKnownFileType = image.png; path = "0-5.png"; sourceTree = "<group>"; };
		D8D56E5B16DC7488002EDFA9 /* 0-6.png */ = {isa = PBXFileReference; lastKnownFileType = image.png; path = "0-6.png"; sourceTree = "<group>"; };
		D8D56E5C16DC7488002EDFA9 /* 0-7.png */ = {isa = PBXFileReference; lastKnownFileType = image.png; path = "0-7.png"; sourceTree = "<group>"; };
		D8D56E5D16DC7488002EDFA9 /* 0-8.png */ = {isa = PBXFileReference; lastKnownFileType = image.png; path = "0-8.png"; sourceTree = "<group>"; };
		D8D56E5E16DC7488002EDFA9 /* 0-9.png */ = {isa = PBXFileReference; lastKnownFileType = image.png; path = "0-9.png"; sourceTree = "<group>"; };
		D8D56E5F16DC7488002EDFA9 /* 0.png */ = {isa = PBXFileReference; lastKnownFileType = image.png; path = 0.png; sourceTree = "<group>"; };
		D8D56E6016DC7488002EDFA9 /* schedule.jpeg */ = {isa = PBXFileReference; lastKnownFileType = image.jpeg; path = schedule.jpeg; sourceTree = "<group>"; };
		D8D56EB216DC8692002EDFA9 /* ocen app icon.png */ = {isa = PBXFileReference; lastKnownFileType = image.png; path = "ocen app icon.png"; sourceTree = "<group>"; };
		D8D56EB416DC869A002EDFA9 /* ocen app icon.png */ = {isa = PBXFileReference; lastKnownFileType = image.png; path = "ocen app icon.png"; sourceTree = "<group>"; };
		D8D56EB616DC8701002EDFA9 /* ocen app retina icon.png */ = {isa = PBXFileReference; lastKnownFileType = image.png; path = "ocen app retina icon.png"; sourceTree = "<group>"; };
		D8D56EB816DC8708002EDFA9 /* ocen app retina icon.png */ = {isa = PBXFileReference; lastKnownFileType = image.png; path = "ocen app retina icon.png"; sourceTree = "<group>"; };
		D8D56EBA16E97ACF002EDFA9 /* BSEE_1.png */ = {isa = PBXFileReference; lastKnownFileType = image.png; path = BSEE_1.png; sourceTree = "<group>"; };
		D8D56EBB16E97ACF002EDFA9 /* BSEE_2.png */ = {isa = PBXFileReference; lastKnownFileType = image.png; path = BSEE_2.png; sourceTree = "<group>"; };
		D8D56EBC16E97ACF002EDFA9 /* BSEE_3.png */ = {isa = PBXFileReference; lastKnownFileType = image.png; path = BSEE_3.png; sourceTree = "<group>"; };
		D8D56EBD16E97ACF002EDFA9 /* GDlogoblue.png */ = {isa = PBXFileReference; lastKnownFileType = image.png; path = GDlogoblue.png; sourceTree = "<group>"; };
		D8D56EBE16E97ACF002EDFA9 /* GDlogowhite.png */ = {isa = PBXFileReference; lastKnownFileType = image.png; path = GDlogowhite.png; sourceTree = "<group>"; };
		D8D56EC416E97BB9002EDFA9 /* Navy-Blue-Spectrum-Wallpaper-1.jpg */ = {isa = PBXFileReference; lastKnownFileType = image.jpeg; path = "Navy-Blue-Spectrum-Wallpaper-1.jpg"; sourceTree = "<group>"; };
		D8D56ECA16F1943E002EDFA9 /* Active Platforms Symbol Transparent.png */ = {isa = PBXFileReference; lastKnownFileType = image.png; path = "Active Platforms Symbol Transparent.png"; sourceTree = "<group>"; };
		D8D56ECD16F2D29A002EDFA9 /* Sale 222.png */ = {isa = PBXFileReference; lastKnownFileType = image.png; path = "Sale 222.png"; sourceTree = "<group>"; };
		D8D56ECF16F2D857002EDFA9 /* Proposed Platforms.png */ = {isa = PBXFileReference; lastKnownFileType = image.png; path = "Proposed Platforms.png"; sourceTree = "<group>"; };
		D8D56ED116F2DA42002EDFA9 /* Removed Platforms.png */ = {isa = PBXFileReference; lastKnownFileType = image.png; path = "Removed Platforms.png"; sourceTree = "<group>"; };
		D8D56ED316F2DB44002EDFA9 /* Pipelines.png */ = {isa = PBXFileReference; lastKnownFileType = image.png; path = Pipelines.png; sourceTree = "<group>"; };
		D8D56ED516F2DBFD002EDFA9 /* Active Leases.png */ = {isa = PBXFileReference; lastKnownFileType = image.png; path = "Active Leases.png"; sourceTree = "<group>"; };
		D8D56ED716F2DD4E002EDFA9 /* Protractions.png */ = {isa = PBXFileReference; lastKnownFileType = image.png; path = Protractions.png; sourceTree = "<group>"; };
		D8D56ED916F2DE3B002EDFA9 /* Blocks.png */ = {isa = PBXFileReference; lastKnownFileType = image.png; path = Blocks.png; sourceTree = "<group>"; };
		D8D56EDB16F2E04B002EDFA9 /* Route.png */ = {isa = PBXFileReference; lastKnownFileType = image.png; path = Route.png; sourceTree = "<group>"; };
		D8D56EDD16F2E251002EDFA9 /* Radar.png */ = {isa = PBXFileReference; lastKnownFileType = image.png; path = Radar.png; sourceTree = "<group>"; };
		D8D56EE316F50B4B002EDFA9 /* boem01-1.png */ = {isa = PBXFileReference; lastKnownFileType = image.png; name = "boem01-1.png"; path = "images/boem01-1.png"; sourceTree = SOURCE_ROOT; };
		D8D56EE416F50B4B002EDFA9 /* boem02-1.png */ = {isa = PBXFileReference; lastKnownFileType = image.png; name = "boem02-1.png"; path = "images/boem02-1.png"; sourceTree = SOURCE_ROOT; };
		ED92D2C616D4A23F0066C347 /* schedule.png */ = {isa = PBXFileReference; lastKnownFileType = image.png; path = schedule.png; sourceTree = "<group>"; };
		ED92D2CB16D4A7B70066C347 /* back.png */ = {isa = PBXFileReference; lastKnownFileType = image.png; path = back.png; sourceTree = "<group>"; };
/* End PBXFileReference section */

/* Begin PBXFrameworksBuildPhase section */
		D8A10D8416A3585600E1E121 /* Frameworks */ = {
			isa = PBXFrameworksBuildPhase;
			buildActionMask = 2147483647;
			files = (
				D8A10DDB16A35BA200E1E121 /* libstdc++.dylib in Frameworks */,
				D8A10D8C16A3585600E1E121 /* UIKit.framework in Frameworks */,
				D8A10DD716A3593800E1E121 /* Security.framework in Frameworks */,
				D8A10DD516A3592900E1E121 /* OpenGLES.framework in Frameworks */,
				D8A10DD316A3591B00E1E121 /* MobileCoreServices.framework in Frameworks */,
				D8A10DD116A3590D00E1E121 /* MediaPlayer.framework in Frameworks */,
				D8A10DCF16A358FE00E1E121 /* QuartzCore.framework in Frameworks */,
				D8A10DCD16A358F000E1E121 /* libz.dylib in Frameworks */,
				D8A10DC916A358AA00E1E121 /* CoreText.framework in Frameworks */,
				D8A10DC716A3589E00E1E121 /* CoreLocation.framework in Frameworks */,
				D8A10D8E16A3585600E1E121 /* Foundation.framework in Frameworks */,
				D8A10D9016A3585600E1E121 /* CoreGraphics.framework in Frameworks */,
			);
			runOnlyForDeploymentPostprocessing = 0;
		};
		D8A10DAA16A3585600E1E121 /* Frameworks */ = {
			isa = PBXFrameworksBuildPhase;
			buildActionMask = 2147483647;
			files = (
				D8A10DB016A3585600E1E121 /* SenTestingKit.framework in Frameworks */,
				D8A10DB116A3585600E1E121 /* UIKit.framework in Frameworks */,
				D8A10DB216A3585600E1E121 /* Foundation.framework in Frameworks */,
			);
			runOnlyForDeploymentPostprocessing = 0;
		};
/* End PBXFrameworksBuildPhase section */

/* Begin PBXGroup section */
		D812726816B5A037006D1351 /* FeatureGraph */ = {
			isa = PBXGroup;
			children = (
				D812726916B5A037006D1351 /* FeatureGraph-Prefix.pch */,
				D812726A16B5A037006D1351 /* FeatureGraph.h */,
				D812726B16B5A037006D1351 /* FeatureGraph.m */,
				D812726C16B5A037006D1351 /* FeatureGraphEdge.h */,
				D812726D16B5A037006D1351 /* FeatureGraphEdge.m */,
				D812726E16B5A037006D1351 /* FeatureGraphNode.h */,
				D812726F16B5A037006D1351 /* FeatureGraphNode.m */,
				D812727016B5A037006D1351 /* FeatureGraphRoute.h */,
				D812727116B5A037006D1351 /* FeatureGraphRoute.m */,
				D812727216B5A037006D1351 /* FeatureGraphRouteStep.h */,
				D812727316B5A037006D1351 /* FeatureGraphRouteStep.m */,
			);
			name = FeatureGraph;
			path = PESGraph;
			sourceTree = "<group>";
		};
		D8A10D7C16A3585600E1E121 = {
			isa = PBXGroup;
			children = (
				D8D56EB816DC8708002EDFA9 /* ocen app retina icon.png */,
				D8D56EB416DC869A002EDFA9 /* ocen app icon.png */,
				D8C8EB4416BF1E5F00AC7603 /* images */,
				D8A10DDA16A35BA200E1E121 /* libstdc++.dylib */,
				D8A10DD816A3598600E1E121 /* ArcGIS.bundle */,
				D8A10DD616A3593800E1E121 /* Security.framework */,
				D8A10DD416A3592900E1E121 /* OpenGLES.framework */,
				D8A10DD216A3591B00E1E121 /* MobileCoreServices.framework */,
				D8A10DD016A3590D00E1E121 /* MediaPlayer.framework */,
				D8A10DCE16A358FE00E1E121 /* QuartzCore.framework */,
				D8A10DCC16A358F000E1E121 /* libz.dylib */,
				D8A10DCA16A358E600E1E121 /* libc++.dylib */,
				D8A10DC816A358AA00E1E121 /* CoreText.framework */,
				D8A10DC616A3589E00E1E121 /* CoreLocation.framework */,
				D8A10D9116A3585600E1E121 /* PorkChopSandwich */,
				D8A10DB516A3585600E1E121 /* PorkChopSandwichTests */,
				D8A10D8A16A3585600E1E121 /* Frameworks */,
				D8A10D8816A3585600E1E121 /* Products */,
			);
			sourceTree = "<group>";
		};
		D8A10D8816A3585600E1E121 /* Products */ = {
			isa = PBXGroup;
			children = (
				D8A10D8716A3585600E1E121 /* PorkChopSandwich.app */,
				D8A10DAE16A3585600E1E121 /* PorkChopSandwichTests.octest */,
			);
			name = Products;
			sourceTree = "<group>";
		};
		D8A10D8A16A3585600E1E121 /* Frameworks */ = {
			isa = PBXGroup;
			children = (
				D8A10D8B16A3585600E1E121 /* UIKit.framework */,
				D8A10D8D16A3585600E1E121 /* Foundation.framework */,
				D8A10D8F16A3585600E1E121 /* CoreGraphics.framework */,
				D8A10DAF16A3585600E1E121 /* SenTestingKit.framework */,
			);
			name = Frameworks;
			sourceTree = "<group>";
		};
		D8A10D9116A3585600E1E121 /* PorkChopSandwich */ = {
			isa = PBXGroup;
			children = (
				D812726816B5A037006D1351 /* FeatureGraph */,
				D8A10DF316AE054600E1E121 /* RouteViewController.h */,
				D8A10DF416AE054600E1E121 /* RouteViewController.m */,
				D8A10D9A16A3585600E1E121 /* PorkChopSandwichAppDelegate.h */,
				D8A10D9B16A3585600E1E121 /* PorkChopSandwichAppDelegate.m */,
				D8A10DA316A3585600E1E121 /* PorkChopSandwichViewController.h */,
				D8A10DA416A3585600E1E121 /* PorkChopSandwichViewController.m */,
				D8A10DA616A3585600E1E121 /* PorkChopSandwichViewController.xib */,
				D8A10D9216A3585600E1E121 /* Supporting Files */,
				D8A10DF716AE30EC00E1E121 /* QueryTask.h */,
				D8A10DF816AE30EC00E1E121 /* QueryTask.m */,
				D812725D16B47381006D1351 /* RouteTask.h */,
				D812725E16B47381006D1351 /* RouteTask.m */,
			);
			path = PorkChopSandwich;
			sourceTree = "<group>";
		};
		D8A10D9216A3585600E1E121 /* Supporting Files */ = {
			isa = PBXGroup;
			children = (
				D8A10D9316A3585600E1E121 /* PorkChopSandwich-Info.plist */,
				D8A10D9416A3585600E1E121 /* InfoPlist.strings */,
				D8A10D9716A3585600E1E121 /* main.m */,
				D8A10D9916A3585600E1E121 /* PorkChopSandwich-Prefix.pch */,
				D8A10D9D16A3585600E1E121 /* Default.png */,
				D8A10D9F16A3585600E1E121 /* Default@2x.png */,
				D8A10DA116A3585600E1E121 /* Default-568h@2x.png */,
			);
			name = "Supporting Files";
			sourceTree = "<group>";
		};
		D8A10DB516A3585600E1E121 /* PorkChopSandwichTests */ = {
			isa = PBXGroup;
			children = (
				D812727916B5A1C7006D1351 /* FeatureGraphTests.h */,
				D812727A16B5A1C7006D1351 /* FeatureGraphTests.m */,
				D8A10DBB16A3585600E1E121 /* PorkChopSandwichTests.h */,
				D8A10DBC16A3585600E1E121 /* PorkChopSandwichTests.m */,
				D8A10DB616A3585600E1E121 /* Supporting Files */,
			);
			path = PorkChopSandwichTests;
			sourceTree = "<group>";
		};
		D8A10DB616A3585600E1E121 /* Supporting Files */ = {
			isa = PBXGroup;
			children = (
				D8A10DB716A3585600E1E121 /* PorkChopSandwichTests-Info.plist */,
				D8A10DB816A3585600E1E121 /* InfoPlist.strings */,
			);
			name = "Supporting Files";
			sourceTree = "<group>";
		};
		D8C8EB4416BF1E5F00AC7603 /* images */ = {
			isa = PBXGroup;
			children = (
				D8D56EBA16E97ACF002EDFA9 /* BSEE_1.png */,
				D8D56EBB16E97ACF002EDFA9 /* BSEE_2.png */,
				D8D56EBC16E97ACF002EDFA9 /* BSEE_3.png */,
				D8D56EBD16E97ACF002EDFA9 /* GDlogoblue.png */,
				D8D56EBE16E97ACF002EDFA9 /* GDlogowhite.png */,
				D8D56E0E16DC7488002EDFA9 /* backgrounds */,
				D8D56E4C16DC7488002EDFA9 /* created */,
				D8D56E4D16DC7488002EDFA9 /* icons */,
				D8D56E6016DC7488002EDFA9 /* schedule.jpeg */,
				ED92D2CB16D4A7B70066C347 /* back.png */,
				ED92D2C616D4A23F0066C347 /* schedule.png */,
				D8C8EB5316BF2C7F00AC7603 /* layers.png */,
				D8C8EB5016BF2AAB00AC7603 /* Zoom Out.png */,
				D8C8EB4516BF1E6000AC7603 /* background.png */,
			);
			path = images;
			sourceTree = "<group>";
		};
		D8D56E0E16DC7488002EDFA9 /* backgrounds */ = {
			isa = PBXGroup;
			children = (
				D8D56EC416E97BB9002EDFA9 /* Navy-Blue-Spectrum-Wallpaper-1.jpg */,
				D8D56EB616DC8701002EDFA9 /* ocen app retina icon.png */,
				D8D56EB216DC8692002EDFA9 /* ocen app icon.png */,
				D8D56E0F16DC7488002EDFA9 /* background copy.png */,
				D8D56E1016DC7488002EDFA9 /* bigger map1 copy.jpeg */,
				D8D56E1116DC7488002EDFA9 /* bigger map2 copy.jpeg */,
				D8D56E1216DC7488002EDFA9 /* bigger map3 copy.jpeg */,
				D8D56E1316DC7488002EDFA9 /* bigger map4 copy.jpeg */,
				D8D56E1416DC7488002EDFA9 /* bigger map5 copy.jpeg */,
				D8D56E1516DC7488002EDFA9 /* bigger map6 copy.jpeg */,
				D8D56E1616DC7488002EDFA9 /* bigger map7 copy.jpeg */,
				D8D56E1716DC7488002EDFA9 /* bigger map8 copy.jpeg */,
				D8D56E1816DC7488002EDFA9 /* bigger map9 copy.jpeg */,
				D8D56E1916DC7488002EDFA9 /* black and blue map background.jpeg */,
				D8D56E1A16DC7488002EDFA9 /* black and white streaks background.jpeg */,
				D8D56E1B16DC7488002EDFA9 /* black brown map background.jpeg */,
				D8D56E1C16DC7488002EDFA9 /* black red map background.jpeg */,
				D8D56E1D16DC7488002EDFA9 /* black to white background.jpeg */,
				D8D56E1E16DC7488002EDFA9 /* blue gray streaks background.jpeg */,
				D8D56E1F16DC7488002EDFA9 /* blue map background.jpeg */,
				D8D56E2016DC7488002EDFA9 /* bright blue background.jpeg */,
				D8D56E2116DC7488002EDFA9 /* bright orange map background.jpeg */,
				D8D56E2216DC7488002EDFA9 /* brown map background.jpeg */,
				D8D56E2316DC7488002EDFA9 /* colorful map background.jpeg */,
				D8D56E2416DC7488002EDFA9 /* congo-white.jpg */,
				D8D56E2516DC7488002EDFA9 /* dark gray background.jpeg */,
				D8D56E2616DC7488002EDFA9 /* full size Ocean_map.jpg */,
				D8D56E2716DC7488002EDFA9 /* gray background.jpeg */,
				D8D56E2816DC7488002EDFA9 /* gray map background.jpeg */,
				D8D56E2916DC7488002EDFA9 /* light gray background.jpeg */,
				D8D56E2A16DC7488002EDFA9 /* normal gray background.jpeg */,
				D8D56E2B16DC7488002EDFA9 /* ocean blue background.jpeg */,
				D8D56E2C16DC7488002EDFA9 /* ocean map background.jpeg */,
				D8D56E2D16DC7488002EDFA9 /* ocean.jpeg */,
				D8D56E2E16DC7488002EDFA9 /* scaled black brown map background.jpeg */,
				D8D56E2F16DC7488002EDFA9 /* scaled black red map background.jpeg */,
				D8D56E3016DC7488002EDFA9 /* scaled black to white background.jpeg */,
				D8D56E3116DC7488002EDFA9 /* scaled blue gray streaks background.jpeg */,
				D8D56E3216DC7488002EDFA9 /* scaled blue map background.jpeg */,
				D8D56E3316DC7488002EDFA9 /* scaled bright blue background.jpeg */,
				D8D56E3416DC7488002EDFA9 /* scaled bright orange map background.jpeg */,
				D8D56E3516DC7488002EDFA9 /* scaled brown map background.jpeg */,
				D8D56E3616DC7488002EDFA9 /* scaled colorful map background.jpeg */,
				D8D56E3716DC7488002EDFA9 /* scaled congo-white.jpg */,
				D8D56E3816DC7488002EDFA9 /* scaled dark gray background.jpeg */,
				D8D56E3916DC7488002EDFA9 /* scaled gray background.jpeg */,
				D8D56E3A16DC7488002EDFA9 /* scaled gray map background.jpeg */,
				D8D56E3B16DC7488002EDFA9 /* scaled light gray background.jpeg */,
				D8D56E3C16DC7488002EDFA9 /* scaled normal gray background.jpeg */,
				D8D56E3D16DC7488002EDFA9 /* scaled ocean blue background.jpeg */,
				D8D56E3E16DC7488002EDFA9 /* scaled ocean map background.jpeg */,
				D8D56E3F16DC7488002EDFA9 /* scaled shadowed gray background.jpeg */,
				D8D56E4016DC7488002EDFA9 /* scaled wavy gray background.jpeg */,
				D8D56E4116DC7488002EDFA9 /* scaled wavy navy blue background.jpeg */,
				D8D56E4216DC7488002EDFA9 /* scaled white background w border.jpeg */,
				D8D56E4316DC7488002EDFA9 /* scaled white map background.jpeg */,
				D8D56E4416DC7488002EDFA9 /* scaled White-Background.gif */,
				D8D56E4516DC7488002EDFA9 /* shadowed gray background.jpeg */,
				D8D56E4616DC7488002EDFA9 /* sky.jpeg */,
				D8D56E4716DC7488002EDFA9 /* wavy gray background.jpeg */,
				D8D56E4816DC7488002EDFA9 /* wavy navy blue background.jpeg */,
				D8D56E4916DC7488002EDFA9 /* white background w border.jpeg */,
				D8D56E4A16DC7488002EDFA9 /* white map background.jpeg */,
				D8D56E4B16DC7488002EDFA9 /* White-Background.gif */,
			);
			path = backgrounds;
			sourceTree = "<group>";
		};
		D8D56E4C16DC7488002EDFA9 /* created */ = {
			isa = PBXGroup;
			children = (
			);
			path = created;
			sourceTree = "<group>";
		};
		D8D56E4D16DC7488002EDFA9 /* icons */ = {
			isa = PBXGroup;
			children = (
				D8D56EE316F50B4B002EDFA9 /* boem01-1.png */,
				D8D56EE416F50B4B002EDFA9 /* boem02-1.png */,
				D8D56EDD16F2E251002EDFA9 /* Radar.png */,
				D8D56EDB16F2E04B002EDFA9 /* Route.png */,
				D8D56ED916F2DE3B002EDFA9 /* Blocks.png */,
				D8D56ED716F2DD4E002EDFA9 /* Protractions.png */,
				D8D56ED516F2DBFD002EDFA9 /* Active Leases.png */,
				D8D56ED316F2DB44002EDFA9 /* Pipelines.png */,
				D8D56ED116F2DA42002EDFA9 /* Removed Platforms.png */,
				D8D56ECF16F2D857002EDFA9 /* Proposed Platforms.png */,
				D8D56ECD16F2D29A002EDFA9 /* Sale 222.png */,
				D8D56ECA16F1943E002EDFA9 /* Active Platforms Symbol Transparent.png */,
				D8D56E4E16DC7488002EDFA9 /* 0-1.png */,
				D8D56E4F16DC7488002EDFA9 /* 0-10.png */,
				D8D56E5016DC7488002EDFA9 /* 0-11.png */,
				D8D56E5116DC7488002EDFA9 /* 0-12.png */,
				D8D56E5216DC7488002EDFA9 /* 0-13.png */,
				D8D56E5316DC7488002EDFA9 /* 0-14.png */,
				D8D56E5416DC7488002EDFA9 /* 0-15.png */,
				D8D56E5516DC7488002EDFA9 /* 0-16.png */,
				D8D56E5616DC7488002EDFA9 /* 0-17.png */,
				D8D56E5716DC7488002EDFA9 /* 0-2.png */,
				D8D56E5816DC7488002EDFA9 /* 0-3.png */,
				D8D56E5916DC7488002EDFA9 /* 0-4.png */,
				D8D56E5A16DC7488002EDFA9 /* 0-5.png */,
				D8D56E5B16DC7488002EDFA9 /* 0-6.png */,
				D8D56E5C16DC7488002EDFA9 /* 0-7.png */,
				D8D56E5D16DC7488002EDFA9 /* 0-8.png */,
				D8D56E5E16DC7488002EDFA9 /* 0-9.png */,
				D8D56E5F16DC7488002EDFA9 /* 0.png */,
			);
			path = icons;
			sourceTree = "<group>";
		};
/* End PBXGroup section */

/* Begin PBXNativeTarget section */
		D8A10D8616A3585600E1E121 /* PorkChopSandwich */ = {
			isa = PBXNativeTarget;
			buildConfigurationList = D8A10DC016A3585600E1E121 /* Build configuration list for PBXNativeTarget "PorkChopSandwich" */;
			buildPhases = (
				D8A10D8316A3585600E1E121 /* Sources */,
				D8A10D8416A3585600E1E121 /* Frameworks */,
				D8A10D8516A3585600E1E121 /* Resources */,
			);
			buildRules = (
			);
			dependencies = (
			);
			name = PorkChopSandwich;
			productName = PorkChopSandwich;
			productReference = D8A10D8716A3585600E1E121 /* PorkChopSandwich.app */;
			productType = "com.apple.product-type.application";
		};
		D8A10DAD16A3585600E1E121 /* PorkChopSandwichTests */ = {
			isa = PBXNativeTarget;
			buildConfigurationList = D8A10DC316A3585600E1E121 /* Build configuration list for PBXNativeTarget "PorkChopSandwichTests" */;
			buildPhases = (
				D8A10DA916A3585600E1E121 /* Sources */,
				D8A10DAA16A3585600E1E121 /* Frameworks */,
				D8A10DAB16A3585600E1E121 /* Resources */,
				D8A10DAC16A3585600E1E121 /* ShellScript */,
			);
			buildRules = (
			);
			dependencies = (
				D8A10DB416A3585600E1E121 /* PBXTargetDependency */,
			);
			name = PorkChopSandwichTests;
			productName = PorkChopSandwichTests;
			productReference = D8A10DAE16A3585600E1E121 /* PorkChopSandwichTests.octest */;
			productType = "com.apple.product-type.bundle";
		};
/* End PBXNativeTarget section */

/* Begin PBXProject section */
		D8A10D7E16A3585600E1E121 /* Project object */ = {
			isa = PBXProject;
			attributes = {
				CLASSPREFIX = PorkChopSandwich;
				LastUpgradeCheck = 0450;
				ORGANIZATIONNAME = GDIT;
			};
			buildConfigurationList = D8A10D8116A3585600E1E121 /* Build configuration list for PBXProject "PorkChopSandwich" */;
			compatibilityVersion = "Xcode 3.2";
			developmentRegion = English;
			hasScannedForEncodings = 0;
			knownRegions = (
				en,
			);
			mainGroup = D8A10D7C16A3585600E1E121;
			productRefGroup = D8A10D8816A3585600E1E121 /* Products */;
			projectDirPath = "";
			projectRoot = "";
			targets = (
				D8A10D8616A3585600E1E121 /* PorkChopSandwich */,
				D8A10DAD16A3585600E1E121 /* PorkChopSandwichTests */,
			);
		};
/* End PBXProject section */

/* Begin PBXResourcesBuildPhase section */
		D8A10D8516A3585600E1E121 /* Resources */ = {
			isa = PBXResourcesBuildPhase;
			buildActionMask = 2147483647;
			files = (
				D8A10D9616A3585600E1E121 /* InfoPlist.strings in Resources */,
				D8A10D9E16A3585600E1E121 /* Default.png in Resources */,
				D8A10DA016A3585600E1E121 /* Default@2x.png in Resources */,
				D8A10DA216A3585600E1E121 /* Default-568h@2x.png in Resources */,
				D8A10DA816A3585600E1E121 /* PorkChopSandwichViewController.xib in Resources */,
				D8A10DD916A3598600E1E121 /* ArcGIS.bundle in Resources */,
				D8C8EB4616BF1E6000AC7603 /* background.png in Resources */,
				D8C8EB5116BF2AAB00AC7603 /* Zoom Out.png in Resources */,
				D8C8EB5416BF2C7F00AC7603 /* layers.png in Resources */,
				ED92D2C716D4A23F0066C347 /* schedule.png in Resources */,
				ED92D2CC16D4A7B70066C347 /* back.png in Resources */,
				D8D56E6116DC7488002EDFA9 /* background copy.png in Resources */,
				D8D56E6216DC7488002EDFA9 /* bigger map1 copy.jpeg in Resources */,
				D8D56E6316DC7488002EDFA9 /* bigger map2 copy.jpeg in Resources */,
				D8D56E6416DC7488002EDFA9 /* bigger map3 copy.jpeg in Resources */,
				D8D56E6516DC7488002EDFA9 /* bigger map4 copy.jpeg in Resources */,
				D8D56E6616DC7488002EDFA9 /* bigger map5 copy.jpeg in Resources */,
				D8D56E6716DC7488002EDFA9 /* bigger map6 copy.jpeg in Resources */,
				D8D56E6816DC7488002EDFA9 /* bigger map7 copy.jpeg in Resources */,
				D8D56E6916DC7488002EDFA9 /* bigger map8 copy.jpeg in Resources */,
				D8D56E6A16DC7488002EDFA9 /* bigger map9 copy.jpeg in Resources */,
				D8D56E6B16DC7488002EDFA9 /* black and blue map background.jpeg in Resources */,
				D8D56E6C16DC7488002EDFA9 /* black and white streaks background.jpeg in Resources */,
				D8D56E6D16DC7488002EDFA9 /* black brown map background.jpeg in Resources */,
				D8D56E6E16DC7488002EDFA9 /* black red map background.jpeg in Resources */,
				D8D56E6F16DC7488002EDFA9 /* black to white background.jpeg in Resources */,
				D8D56E7016DC7488002EDFA9 /* blue gray streaks background.jpeg in Resources */,
				D8D56E7116DC7488002EDFA9 /* blue map background.jpeg in Resources */,
				D8D56E7216DC7488002EDFA9 /* bright blue background.jpeg in Resources */,
				D8D56E7316DC7488002EDFA9 /* bright orange map background.jpeg in Resources */,
				D8D56E7416DC7488002EDFA9 /* brown map background.jpeg in Resources */,
				D8D56E7516DC7488002EDFA9 /* colorful map background.jpeg in Resources */,
				D8D56E7616DC7488002EDFA9 /* congo-white.jpg in Resources */,
				D8D56E7716DC7488002EDFA9 /* dark gray background.jpeg in Resources */,
				D8D56E7816DC7488002EDFA9 /* full size Ocean_map.jpg in Resources */,
				D8D56E7916DC7488002EDFA9 /* gray background.jpeg in Resources */,
				D8D56E7A16DC7488002EDFA9 /* gray map background.jpeg in Resources */,
				D8D56E7B16DC7488002EDFA9 /* light gray background.jpeg in Resources */,
				D8D56E7C16DC7488002EDFA9 /* normal gray background.jpeg in Resources */,
				D8D56E7D16DC7488002EDFA9 /* ocean blue background.jpeg in Resources */,
				D8D56E7E16DC7488002EDFA9 /* ocean map background.jpeg in Resources */,
				D8D56E7F16DC7488002EDFA9 /* ocean.jpeg in Resources */,
				D8D56E8016DC7488002EDFA9 /* scaled black brown map background.jpeg in Resources */,
				D8D56E8116DC7488002EDFA9 /* scaled black red map background.jpeg in Resources */,
				D8D56E8216DC7488002EDFA9 /* scaled black to white background.jpeg in Resources */,
				D8D56E8316DC7488002EDFA9 /* scaled blue gray streaks background.jpeg in Resources */,
				D8D56E8416DC7488002EDFA9 /* scaled blue map background.jpeg in Resources */,
				D8D56E8516DC7488002EDFA9 /* scaled bright blue background.jpeg in Resources */,
				D8D56E8616DC7488002EDFA9 /* scaled bright orange map background.jpeg in Resources */,
				D8D56E8716DC7488002EDFA9 /* scaled brown map background.jpeg in Resources */,
				D8D56E8816DC7488002EDFA9 /* scaled colorful map background.jpeg in Resources */,
				D8D56E8916DC7488002EDFA9 /* scaled congo-white.jpg in Resources */,
				D8D56E8A16DC7488002EDFA9 /* scaled dark gray background.jpeg in Resources */,
				D8D56E8B16DC7488002EDFA9 /* scaled gray background.jpeg in Resources */,
				D8D56E8C16DC7488002EDFA9 /* scaled gray map background.jpeg in Resources */,
				D8D56E8D16DC7488002EDFA9 /* scaled light gray background.jpeg in Resources */,
				D8D56E8E16DC7488002EDFA9 /* scaled normal gray background.jpeg in Resources */,
				D8D56E8F16DC7488002EDFA9 /* scaled ocean blue background.jpeg in Resources */,
				D8D56E9016DC7488002EDFA9 /* scaled ocean map background.jpeg in Resources */,
				D8D56E9116DC7488002EDFA9 /* scaled shadowed gray background.jpeg in Resources */,
				D8D56E9216DC7488002EDFA9 /* scaled wavy gray background.jpeg in Resources */,
				D8D56E9316DC7488002EDFA9 /* scaled wavy navy blue background.jpeg in Resources */,
				D8D56E9416DC7488002EDFA9 /* scaled white background w border.jpeg in Resources */,
				D8D56E9516DC7488002EDFA9 /* scaled white map background.jpeg in Resources */,
				D8D56E9616DC7488002EDFA9 /* scaled White-Background.gif in Resources */,
				D8D56E9716DC7488002EDFA9 /* shadowed gray background.jpeg in Resources */,
				D8D56E9816DC7488002EDFA9 /* sky.jpeg in Resources */,
				D8D56E9916DC7488002EDFA9 /* wavy gray background.jpeg in Resources */,
				D8D56E9A16DC7488002EDFA9 /* wavy navy blue background.jpeg in Resources */,
				D8D56E9B16DC7488002EDFA9 /* white background w border.jpeg in Resources */,
				D8D56E9C16DC7488002EDFA9 /* white map background.jpeg in Resources */,
				D8D56E9D16DC7488002EDFA9 /* White-Background.gif in Resources */,
				D8D56E9E16DC7488002EDFA9 /* 0-1.png in Resources */,
				D8D56E9F16DC7488002EDFA9 /* 0-10.png in Resources */,
				D8D56EA016DC7488002EDFA9 /* 0-11.png in Resources */,
				D8D56EA116DC7488002EDFA9 /* 0-12.png in Resources */,
				D8D56EA216DC7488002EDFA9 /* 0-13.png in Resources */,
				D8D56EA316DC7488002EDFA9 /* 0-14.png in Resources */,
				D8D56EA416DC7488002EDFA9 /* 0-15.png in Resources */,
				D8D56EA516DC7488002EDFA9 /* 0-16.png in Resources */,
				D8D56EA616DC7488002EDFA9 /* 0-17.png in Resources */,
				D8D56EA716DC7488002EDFA9 /* 0-2.png in Resources */,
				D8D56EA816DC7488002EDFA9 /* 0-3.png in Resources */,
				D8D56EA916DC7488002EDFA9 /* 0-4.png in Resources */,
				D8D56EAA16DC7488002EDFA9 /* 0-5.png in Resources */,
				D8D56EAB16DC7488002EDFA9 /* 0-6.png in Resources */,
				D8D56EAC16DC7488002EDFA9 /* 0-7.png in Resources */,
				D8D56EAD16DC7488002EDFA9 /* 0-8.png in Resources */,
				D8D56EAE16DC7488002EDFA9 /* 0-9.png in Resources */,
				D8D56EAF16DC7488002EDFA9 /* 0.png in Resources */,
				D8D56EB016DC7488002EDFA9 /* schedule.jpeg in Resources */,
				D8D56EB316DC8692002EDFA9 /* ocen app icon.png in Resources */,
				D8D56EB516DC869A002EDFA9 /* ocen app icon.png in Resources */,
				D8D56EB716DC8701002EDFA9 /* ocen app retina icon.png in Resources */,
				D8D56EB916DC8708002EDFA9 /* ocen app retina icon.png in Resources */,
				D8D56EBF16E97ACF002EDFA9 /* BSEE_1.png in Resources */,
				D8D56EC016E97ACF002EDFA9 /* BSEE_2.png in Resources */,
				D8D56EC116E97ACF002EDFA9 /* BSEE_3.png in Resources */,
				D8D56EC216E97ACF002EDFA9 /* GDlogoblue.png in Resources */,
				D8D56EC316E97ACF002EDFA9 /* GDlogowhite.png in Resources */,
				D8D56EC516E97BB9002EDFA9 /* Navy-Blue-Spectrum-Wallpaper-1.jpg in Resources */,
				D8D56ECB16F1943E002EDFA9 /* Active Platforms Symbol Transparent.png in Resources */,
				D8D56ECE16F2D29A002EDFA9 /* Sale 222.png in Resources */,
				D8D56ED016F2D857002EDFA9 /* Proposed Platforms.png in Resources */,
				D8D56ED216F2DA42002EDFA9 /* Removed Platforms.png in Resources */,
				D8D56ED416F2DB44002EDFA9 /* Pipelines.png in Resources */,
				D8D56ED616F2DBFD002EDFA9 /* Active Leases.png in Resources */,
				D8D56ED816F2DD4E002EDFA9 /* Protractions.png in Resources */,
				D8D56EDA16F2DE3B002EDFA9 /* Blocks.png in Resources */,
				D8D56EDC16F2E04B002EDFA9 /* Route.png in Resources */,
				D8D56EDE16F2E251002EDFA9 /* Radar.png in Resources */,
				D8D56EE516F50B4B002EDFA9 /* boem01-1.png in Resources */,
				D8D56EE616F50B4B002EDFA9 /* boem02-1.png in Resources */,
			);
			runOnlyForDeploymentPostprocessing = 0;
		};
		D8A10DAB16A3585600E1E121 /* Resources */ = {
			isa = PBXResourcesBuildPhase;
			buildActionMask = 2147483647;
			files = (
				D8A10DBA16A3585600E1E121 /* InfoPlist.strings in Resources */,
			);
			runOnlyForDeploymentPostprocessing = 0;
		};
/* End PBXResourcesBuildPhase section */

/* Begin PBXShellScriptBuildPhase section */
		D8A10DAC16A3585600E1E121 /* ShellScript */ = {
			isa = PBXShellScriptBuildPhase;
			buildActionMask = 2147483647;
			files = (
			);
			inputPaths = (
			);
			outputPaths = (
			);
			runOnlyForDeploymentPostprocessing = 0;
			shellPath = /bin/sh;
			shellScript = "# Run the unit tests in this test bundle.\n\"${SYSTEM_DEVELOPER_DIR}/Tools/RunUnitTests\"\n";
		};
/* End PBXShellScriptBuildPhase section */

/* Begin PBXSourcesBuildPhase section */
		D8A10D8316A3585600E1E121 /* Sources */ = {
			isa = PBXSourcesBuildPhase;
			buildActionMask = 2147483647;
			files = (
				D8A10D9816A3585600E1E121 /* main.m in Sources */,
				D8A10D9C16A3585600E1E121 /* PorkChopSandwichAppDelegate.m in Sources */,
				D8A10DA516A3585600E1E121 /* PorkChopSandwichViewController.m in Sources */,
				D8A10DF516AE054600E1E121 /* RouteViewController.m in Sources */,
				D8A10DF916AE30EC00E1E121 /* QueryTask.m in Sources */,
				D812725F16B47381006D1351 /* RouteTask.m in Sources */,
				D812727416B5A037006D1351 /* FeatureGraph.m in Sources */,
				D812727516B5A037006D1351 /* FeatureGraphEdge.m in Sources */,
				D812727616B5A037006D1351 /* FeatureGraphNode.m in Sources */,
				D812727716B5A037006D1351 /* FeatureGraphRoute.m in Sources */,
				D812727816B5A037006D1351 /* FeatureGraphRouteStep.m in Sources */,
			);
			runOnlyForDeploymentPostprocessing = 0;
		};
		D8A10DA916A3585600E1E121 /* Sources */ = {
			isa = PBXSourcesBuildPhase;
			buildActionMask = 2147483647;
			files = (
				D8A10DBD16A3585600E1E121 /* PorkChopSandwichTests.m in Sources */,
				D812727B16B5A1C7006D1351 /* FeatureGraphTests.m in Sources */,
			);
			runOnlyForDeploymentPostprocessing = 0;
		};
/* End PBXSourcesBuildPhase section */

/* Begin PBXTargetDependency section */
		D8A10DB416A3585600E1E121 /* PBXTargetDependency */ = {
			isa = PBXTargetDependency;
			target = D8A10D8616A3585600E1E121 /* PorkChopSandwich */;
			targetProxy = D8A10DB316A3585600E1E121 /* PBXContainerItemProxy */;
		};
/* End PBXTargetDependency section */

/* Begin PBXVariantGroup section */
		D8A10D9416A3585600E1E121 /* InfoPlist.strings */ = {
			isa = PBXVariantGroup;
			children = (
				D8A10D9516A3585600E1E121 /* en */,
			);
			name = InfoPlist.strings;
			sourceTree = "<group>";
		};
		D8A10DA616A3585600E1E121 /* PorkChopSandwichViewController.xib */ = {
			isa = PBXVariantGroup;
			children = (
				D8A10DA716A3585600E1E121 /* en */,
			);
			name = PorkChopSandwichViewController.xib;
			sourceTree = "<group>";
		};
		D8A10DB816A3585600E1E121 /* InfoPlist.strings */ = {
			isa = PBXVariantGroup;
			children = (
				D8A10DB916A3585600E1E121 /* en */,
			);
			name = InfoPlist.strings;
			sourceTree = "<group>";
		};
/* End PBXVariantGroup section */

/* Begin XCBuildConfiguration section */
		D8A10DBE16A3585600E1E121 /* Debug */ = {
			isa = XCBuildConfiguration;
			buildSettings = {
				ALWAYS_SEARCH_USER_PATHS = NO;
				CLANG_CXX_LANGUAGE_STANDARD = "gnu++0x";
				CLANG_CXX_LIBRARY = "libc++";
				CLANG_ENABLE_OBJC_ARC = YES;
				CLANG_WARN_EMPTY_BODY = YES;
				CLANG_WARN__DUPLICATE_METHOD_MATCH = YES;
				"CODE_SIGN_IDENTITY[sdk=iphoneos*]" = "iPhone Developer";
				COPY_PHASE_STRIP = NO;
				GCC_C_LANGUAGE_STANDARD = gnu99;
				GCC_DYNAMIC_NO_PIC = NO;
				GCC_OPTIMIZATION_LEVEL = 0;
				GCC_PREPROCESSOR_DEFINITIONS = (
					"DEBUG=1",
					"$(inherited)",
				);
				GCC_SYMBOLS_PRIVATE_EXTERN = NO;
				GCC_WARN_ABOUT_RETURN_TYPE = YES;
				GCC_WARN_UNINITIALIZED_AUTOS = YES;
				GCC_WARN_UNUSED_VARIABLE = YES;
				IPHONEOS_DEPLOYMENT_TARGET = 6.0;
				ONLY_ACTIVE_ARCH = YES;
				SDKROOT = iphoneos;
				TARGETED_DEVICE_FAMILY = 2;
			};
			name = Debug;
		};
		D8A10DBF16A3585600E1E121 /* Release */ = {
			isa = XCBuildConfiguration;
			buildSettings = {
				ALWAYS_SEARCH_USER_PATHS = NO;
				CLANG_CXX_LANGUAGE_STANDARD = "gnu++0x";
				CLANG_CXX_LIBRARY = "libc++";
				CLANG_ENABLE_OBJC_ARC = YES;
				CLANG_WARN_EMPTY_BODY = YES;
				CLANG_WARN__DUPLICATE_METHOD_MATCH = YES;
				"CODE_SIGN_IDENTITY[sdk=iphoneos*]" = "iPhone Developer";
				COPY_PHASE_STRIP = YES;
				GCC_C_LANGUAGE_STANDARD = gnu99;
				GCC_WARN_ABOUT_RETURN_TYPE = YES;
				GCC_WARN_UNINITIALIZED_AUTOS = YES;
				GCC_WARN_UNUSED_VARIABLE = YES;
				IPHONEOS_DEPLOYMENT_TARGET = 6.0;
				OTHER_CFLAGS = "-DNS_BLOCK_ASSERTIONS=1";
				SDKROOT = iphoneos;
				TARGETED_DEVICE_FAMILY = 2;
				VALIDATE_PRODUCT = YES;
			};
			name = Release;
		};
		D8A10DC116A3585600E1E121 /* Debug */ = {
			isa = XCBuildConfiguration;
			buildSettings = {
				FRAMEWORK_SEARCH_PATHS = "${HOME}/Library/SDKs/**";
				GCC_PRECOMPILE_PREFIX_HEADER = YES;
				GCC_PREFIX_HEADER = "PorkChopSandwich/PorkChopSandwich-Prefix.pch";
				INFOPLIST_FILE = "PorkChopSandwich/PorkChopSandwich-Info.plist";
				ONLY_ACTIVE_ARCH = NO;
				OTHER_LDFLAGS = (
					"-all_load",
					"-ObjC",
					"-framework",
					ArcGIS,
					"-lstdc++",
				);
				PRODUCT_NAME = "$(TARGET_NAME)";
				VALID_ARCHS = armv7;
				WRAPPER_EXTENSION = app;
			};
			name = Debug;
		};
		D8A10DC216A3585600E1E121 /* Release */ = {
			isa = XCBuildConfiguration;
			buildSettings = {
				FRAMEWORK_SEARCH_PATHS = "${HOME}/Library/SDKs/**";
				GCC_PRECOMPILE_PREFIX_HEADER = YES;
				GCC_PREFIX_HEADER = "PorkChopSandwich/PorkChopSandwich-Prefix.pch";
				INFOPLIST_FILE = "PorkChopSandwich/PorkChopSandwich-Info.plist";
				OTHER_LDFLAGS = (
					"-all_load",
					"-ObjC",
					"-framework",
					ArcGIS,
					"-lstdc++",
				);
				PRODUCT_NAME = "$(TARGET_NAME)";
				VALID_ARCHS = armv7;
				WRAPPER_EXTENSION = app;
			};
			name = Release;
		};
		D8A10DC416A3585600E1E121 /* Debug */ = {
			isa = XCBuildConfiguration;
			buildSettings = {
				BUNDLE_LOADER = "$(BUILT_PRODUCTS_DIR)/PorkChopSandwich.app/PorkChopSandwich";
				FRAMEWORK_SEARCH_PATHS = (
					"\"$(SDKROOT)/Developer/Library/Frameworks\"",
					"\"$(DEVELOPER_LIBRARY_DIR)/Frameworks\"",
				);
				GCC_PRECOMPILE_PREFIX_HEADER = YES;
				GCC_PREFIX_HEADER = "PorkChopSandwich/PorkChopSandwich-Prefix.pch";
				INFOPLIST_FILE = "PorkChopSandwichTests/PorkChopSandwichTests-Info.plist";
				PRODUCT_NAME = "$(TARGET_NAME)";
				TEST_HOST = "$(BUNDLE_LOADER)";
				WRAPPER_EXTENSION = octest;
			};
			name = Debug;
		};
		D8A10DC516A3585600E1E121 /* Release */ = {
			isa = XCBuildConfiguration;
			buildSettings = {
				BUNDLE_LOADER = "$(BUILT_PRODUCTS_DIR)/PorkChopSandwich.app/PorkChopSandwich";
				FRAMEWORK_SEARCH_PATHS = (
					"\"$(SDKROOT)/Developer/Library/Frameworks\"",
					"\"$(DEVELOPER_LIBRARY_DIR)/Frameworks\"",
				);
				GCC_PRECOMPILE_PREFIX_HEADER = YES;
				GCC_PREFIX_HEADER = "PorkChopSandwich/PorkChopSandwich-Prefix.pch";
				INFOPLIST_FILE = "PorkChopSandwichTests/PorkChopSandwichTests-Info.plist";
				PRODUCT_NAME = "$(TARGET_NAME)";
				TEST_HOST = "$(BUNDLE_LOADER)";
				WRAPPER_EXTENSION = octest;
			};
			name = Release;
		};
/* End XCBuildConfiguration section */

/* Begin XCConfigurationList section */
		D8A10D8116A3585600E1E121 /* Build configuration list for PBXProject "PorkChopSandwich" */ = {
			isa = XCConfigurationList;
			buildConfigurations = (
				D8A10DBE16A3585600E1E121 /* Debug */,
				D8A10DBF16A3585600E1E121 /* Release */,
			);
			defaultConfigurationIsVisible = 0;
			defaultConfigurationName = Release;
		};
		D8A10DC016A3585600E1E121 /* Build configuration list for PBXNativeTarget "PorkChopSandwich" */ = {
			isa = XCConfigurationList;
			buildConfigurations = (
				D8A10DC116A3585600E1E121 /* Debug */,
				D8A10DC216A3585600E1E121 /* Release */,
			);
			defaultConfigurationIsVisible = 0;
			defaultConfigurationName = Release;
		};
		D8A10DC316A3585600E1E121 /* Build configuration list for PBXNativeTarget "PorkChopSandwichTests" */ = {
			isa = XCConfigurationList;
			buildConfigurations = (
				D8A10DC416A3585600E1E121 /* Debug */,
				D8A10DC516A3585600E1E121 /* Release */,
			);
			defaultConfigurationIsVisible = 0;
			defaultConfigurationName = Release;
		};
/* End XCConfigurationList section */
	};
	rootObject = D8A10D7E16A3585600E1E121 /* Project object */;
}
